// !$*UTF8*$!
{
	archiveVersion = 1;
	classes = {
	};
	objectVersion = 50;
	objects = {

/* Begin PBXBuildFile section */
		C956DFB1215A9253005F1822 /* AppDelegate.swift in Sources */ = {isa = PBXBuildFile; fileRef = C956DFB0215A9253005F1822 /* AppDelegate.swift */; };
		C956DFB3215A9253005F1822 /* CodeTableViewController.swift in Sources */ = {isa = PBXBuildFile; fileRef = C956DFB2215A9253005F1822 /* CodeTableViewController.swift */; };
		C956DFB6215A9253005F1822 /* Main.storyboard in Resources */ = {isa = PBXBuildFile; fileRef = C956DFB4215A9253005F1822 /* Main.storyboard */; };
		C956DFB8215A9255005F1822 /* Assets.xcassets in Resources */ = {isa = PBXBuildFile; fileRef = C956DFB7215A9255005F1822 /* Assets.xcassets */; };
		C956DFBB215A9255005F1822 /* LaunchScreen.storyboard in Resources */ = {isa = PBXBuildFile; fileRef = C956DFB9215A9255005F1822 /* LaunchScreen.storyboard */; };
		C956DFC6215A9255005F1822 /* CodeWalletWidgetTests.swift in Sources */ = {isa = PBXBuildFile; fileRef = C956DFC5215A9255005F1822 /* CodeWalletWidgetTests.swift */; };
		C956DFD1215A9255005F1822 /* CodeWalletWidgetUITests.swift in Sources */ = {isa = PBXBuildFile; fileRef = C956DFD0215A9255005F1822 /* CodeWalletWidgetUITests.swift */; };
		C956DFE0215A95C8005F1822 /* CodeTableViewCell.swift in Sources */ = {isa = PBXBuildFile; fileRef = C956DFDF215A95C8005F1822 /* CodeTableViewCell.swift */; };
		C956DFE3215A9673005F1822 /* Code.swift in Sources */ = {isa = PBXBuildFile; fileRef = C956DFE2215A9673005F1822 /* Code.swift */; };
		C956DFE5215A97C0005F1822 /* CodeTableViewNavigationController.swift in Sources */ = {isa = PBXBuildFile; fileRef = C956DFE4215A97C0005F1822 /* CodeTableViewNavigationController.swift */; };
		C956DFE7215AA0F3005F1822 /* AddCodeViewController.swift in Sources */ = {isa = PBXBuildFile; fileRef = C956DFE6215AA0F3005F1822 /* AddCodeViewController.swift */; };
/* End PBXBuildFile section */

/* Begin PBXContainerItemProxy section */
		C956DFC2215A9255005F1822 /* PBXContainerItemProxy */ = {
			isa = PBXContainerItemProxy;
			containerPortal = C956DFA5215A9253005F1822 /* Project object */;
			proxyType = 1;
			remoteGlobalIDString = C956DFAC215A9253005F1822;
			remoteInfo = CodeWalletWidget;
		};
		C956DFCD215A9255005F1822 /* PBXContainerItemProxy */ = {
			isa = PBXContainerItemProxy;
			containerPortal = C956DFA5215A9253005F1822 /* Project object */;
			proxyType = 1;
			remoteGlobalIDString = C956DFAC215A9253005F1822;
			remoteInfo = CodeWalletWidget;
		};
/* End PBXContainerItemProxy section */

/* Begin PBXFileReference section */
		C956DFAD215A9253005F1822 /* CodeWalletWidget.app */ = {isa = PBXFileReference; explicitFileType = wrapper.application; includeInIndex = 0; path = CodeWalletWidget.app; sourceTree = BUILT_PRODUCTS_DIR; };
		C956DFB0215A9253005F1822 /* AppDelegate.swift */ = {isa = PBXFileReference; lastKnownFileType = sourcecode.swift; path = AppDelegate.swift; sourceTree = "<group>"; };
		C956DFB2215A9253005F1822 /* CodeTableViewController.swift */ = {isa = PBXFileReference; lastKnownFileType = sourcecode.swift; path = CodeTableViewController.swift; sourceTree = "<group>"; };
		C956DFB5215A9253005F1822 /* Base */ = {isa = PBXFileReference; lastKnownFileType = file.storyboard; name = Base; path = Base.lproj/Main.storyboard; sourceTree = "<group>"; };
		C956DFB7215A9255005F1822 /* Assets.xcassets */ = {isa = PBXFileReference; lastKnownFileType = folder.assetcatalog; path = Assets.xcassets; sourceTree = "<group>"; };
		C956DFBA215A9255005F1822 /* Base */ = {isa = PBXFileReference; lastKnownFileType = file.storyboard; name = Base; path = Base.lproj/LaunchScreen.storyboard; sourceTree = "<group>"; };
		C956DFBC215A9255005F1822 /* Info.plist */ = {isa = PBXFileReference; lastKnownFileType = text.plist.xml; path = Info.plist; sourceTree = "<group>"; };
		C956DFC1215A9255005F1822 /* CodeWalletWidgetTests.xctest */ = {isa = PBXFileReference; explicitFileType = wrapper.cfbundle; includeInIndex = 0; path = CodeWalletWidgetTests.xctest; sourceTree = BUILT_PRODUCTS_DIR; };
		C956DFC5215A9255005F1822 /* CodeWalletWidgetTests.swift */ = {isa = PBXFileReference; lastKnownFileType = sourcecode.swift; path = CodeWalletWidgetTests.swift; sourceTree = "<group>"; };
		C956DFC7215A9255005F1822 /* Info.plist */ = {isa = PBXFileReference; lastKnownFileType = text.plist.xml; path = Info.plist; sourceTree = "<group>"; };
		C956DFCC215A9255005F1822 /* CodeWalletWidgetUITests.xctest */ = {isa = PBXFileReference; explicitFileType = wrapper.cfbundle; includeInIndex = 0; path = CodeWalletWidgetUITests.xctest; sourceTree = BUILT_PRODUCTS_DIR; };
		C956DFD0215A9255005F1822 /* CodeWalletWidgetUITests.swift */ = {isa = PBXFileReference; lastKnownFileType = sourcecode.swift; path = CodeWalletWidgetUITests.swift; sourceTree = "<group>"; };
		C956DFD2215A9255005F1822 /* Info.plist */ = {isa = PBXFileReference; lastKnownFileType = text.plist.xml; path = Info.plist; sourceTree = "<group>"; };
		C956DFDF215A95C8005F1822 /* CodeTableViewCell.swift */ = {isa = PBXFileReference; lastKnownFileType = sourcecode.swift; path = CodeTableViewCell.swift; sourceTree = "<group>"; };
		C956DFE2215A9673005F1822 /* Code.swift */ = {isa = PBXFileReference; lastKnownFileType = sourcecode.swift; path = Code.swift; sourceTree = "<group>"; };
		C956DFE4215A97C0005F1822 /* CodeTableViewNavigationController.swift */ = {isa = PBXFileReference; lastKnownFileType = sourcecode.swift; path = CodeTableViewNavigationController.swift; sourceTree = "<group>"; };
		C956DFE6215AA0F3005F1822 /* AddCodeViewController.swift */ = {isa = PBXFileReference; lastKnownFileType = sourcecode.swift; path = AddCodeViewController.swift; sourceTree = "<group>"; };
/* End PBXFileReference section */

/* Begin PBXFrameworksBuildPhase section */
		C956DFAA215A9253005F1822 /* Frameworks */ = {
			isa = PBXFrameworksBuildPhase;
			buildActionMask = 2147483647;
			files = (
			);
			runOnlyForDeploymentPostprocessing = 0;
		};
		C956DFBE215A9255005F1822 /* Frameworks */ = {
			isa = PBXFrameworksBuildPhase;
			buildActionMask = 2147483647;
			files = (
			);
			runOnlyForDeploymentPostprocessing = 0;
		};
		C956DFC9215A9255005F1822 /* Frameworks */ = {
			isa = PBXFrameworksBuildPhase;
			buildActionMask = 2147483647;
			files = (
			);
			runOnlyForDeploymentPostprocessing = 0;
		};
/* End PBXFrameworksBuildPhase section */

/* Begin PBXGroup section */
		C956DFA4215A9253005F1822 = {
			isa = PBXGroup;
			children = (
				C956DFAF215A9253005F1822 /* CodeWalletWidget */,
				C956DFC4215A9255005F1822 /* CodeWalletWidgetTests */,
				C956DFCF215A9255005F1822 /* CodeWalletWidgetUITests */,
				C956DFAE215A9253005F1822 /* Products */,
			);
			sourceTree = "<group>";
		};
		C956DFAE215A9253005F1822 /* Products */ = {
			isa = PBXGroup;
			children = (
				C956DFAD215A9253005F1822 /* CodeWalletWidget.app */,
				C956DFC1215A9255005F1822 /* CodeWalletWidgetTests.xctest */,
				C956DFCC215A9255005F1822 /* CodeWalletWidgetUITests.xctest */,
			);
			name = Products;
			sourceTree = "<group>";
		};
		C956DFAF215A9253005F1822 /* CodeWalletWidget */ = {
			isa = PBXGroup;
			children = (
				C956DFE1215A965D005F1822 /* Model */,
				C956DFDE215A95A3005F1822 /* UI */,
				C956DFB0215A9253005F1822 /* AppDelegate.swift */,
				C956DFB4215A9253005F1822 /* Main.storyboard */,
				C956DFB7215A9255005F1822 /* Assets.xcassets */,
				C956DFB9215A9255005F1822 /* LaunchScreen.storyboard */,
				C956DFBC215A9255005F1822 /* Info.plist */,
			);
			path = CodeWalletWidget;
			sourceTree = "<group>";
		};
		C956DFC4215A9255005F1822 /* CodeWalletWidgetTests */ = {
			isa = PBXGroup;
			children = (
				C956DFC5215A9255005F1822 /* CodeWalletWidgetTests.swift */,
				C956DFC7215A9255005F1822 /* Info.plist */,
			);
			path = CodeWalletWidgetTests;
			sourceTree = "<group>";
		};
		C956DFCF215A9255005F1822 /* CodeWalletWidgetUITests */ = {
			isa = PBXGroup;
			children = (
				C956DFD0215A9255005F1822 /* CodeWalletWidgetUITests.swift */,
				C956DFD2215A9255005F1822 /* Info.plist */,
			);
			path = CodeWalletWidgetUITests;
			sourceTree = "<group>";
		};
		C956DFDE215A95A3005F1822 /* UI */ = {
			isa = PBXGroup;
			children = (
				C956DFB2215A9253005F1822 /* CodeTableViewController.swift */,
				C956DFDF215A95C8005F1822 /* CodeTableViewCell.swift */,
				C956DFE4215A97C0005F1822 /* CodeTableViewNavigationController.swift */,
				C956DFE6215AA0F3005F1822 /* AddCodeViewController.swift */,
			);
			path = UI;
			sourceTree = "<group>";
		};
		C956DFE1215A965D005F1822 /* Model */ = {
			isa = PBXGroup;
			children = (
				C956DFE2215A9673005F1822 /* Code.swift */,
			);
			path = Model;
			sourceTree = "<group>";
		};
/* End PBXGroup section */

/* Begin PBXNativeTarget section */
		C956DFAC215A9253005F1822 /* CodeWalletWidget */ = {
			isa = PBXNativeTarget;
			buildConfigurationList = C956DFD5215A9255005F1822 /* Build configuration list for PBXNativeTarget "CodeWalletWidget" */;
			buildPhases = (
				C956DFA9215A9253005F1822 /* Sources */,
				C956DFAA215A9253005F1822 /* Frameworks */,
				C956DFAB215A9253005F1822 /* Resources */,
			);
			buildRules = (
			);
			dependencies = (
			);
			name = CodeWalletWidget;
			productName = CodeWalletWidget;
			productReference = C956DFAD215A9253005F1822 /* CodeWalletWidget.app */;
			productType = "com.apple.product-type.application";
		};
		C956DFC0215A9255005F1822 /* CodeWalletWidgetTests */ = {
			isa = PBXNativeTarget;
			buildConfigurationList = C956DFD8215A9255005F1822 /* Build configuration list for PBXNativeTarget "CodeWalletWidgetTests" */;
			buildPhases = (
				C956DFBD215A9255005F1822 /* Sources */,
				C956DFBE215A9255005F1822 /* Frameworks */,
				C956DFBF215A9255005F1822 /* Resources */,
			);
			buildRules = (
			);
			dependencies = (
				C956DFC3215A9255005F1822 /* PBXTargetDependency */,
			);
			name = CodeWalletWidgetTests;
			productName = CodeWalletWidgetTests;
			productReference = C956DFC1215A9255005F1822 /* CodeWalletWidgetTests.xctest */;
			productType = "com.apple.product-type.bundle.unit-test";
		};
		C956DFCB215A9255005F1822 /* CodeWalletWidgetUITests */ = {
			isa = PBXNativeTarget;
			buildConfigurationList = C956DFDB215A9255005F1822 /* Build configuration list for PBXNativeTarget "CodeWalletWidgetUITests" */;
			buildPhases = (
				C956DFC8215A9255005F1822 /* Sources */,
				C956DFC9215A9255005F1822 /* Frameworks */,
				C956DFCA215A9255005F1822 /* Resources */,
			);
			buildRules = (
			);
			dependencies = (
				C956DFCE215A9255005F1822 /* PBXTargetDependency */,
			);
			name = CodeWalletWidgetUITests;
			productName = CodeWalletWidgetUITests;
			productReference = C956DFCC215A9255005F1822 /* CodeWalletWidgetUITests.xctest */;
			productType = "com.apple.product-type.bundle.ui-testing";
		};
/* End PBXNativeTarget section */

/* Begin PBXProject section */
		C956DFA5215A9253005F1822 /* Project object */ = {
			isa = PBXProject;
			attributes = {
				LastSwiftUpdateCheck = 1000;
				LastUpgradeCheck = 1000;
				ORGANIZATIONNAME = "Alexander Schulz";
				TargetAttributes = {
					C956DFAC215A9253005F1822 = {
						CreatedOnToolsVersion = 10.0;
					};
					C956DFC0215A9255005F1822 = {
						CreatedOnToolsVersion = 10.0;
						TestTargetID = C956DFAC215A9253005F1822;
					};
					C956DFCB215A9255005F1822 = {
						CreatedOnToolsVersion = 10.0;
						TestTargetID = C956DFAC215A9253005F1822;
					};
				};
			};
			buildConfigurationList = C956DFA8215A9253005F1822 /* Build configuration list for PBXProject "CodeWalletWidget" */;
			compatibilityVersion = "Xcode 9.3";
			developmentRegion = en;
			hasScannedForEncodings = 0;
			knownRegions = (
				en,
				Base,
			);
			mainGroup = C956DFA4215A9253005F1822;
			productRefGroup = C956DFAE215A9253005F1822 /* Products */;
			projectDirPath = "";
			projectRoot = "";
			targets = (
				C956DFAC215A9253005F1822 /* CodeWalletWidget */,
				C956DFC0215A9255005F1822 /* CodeWalletWidgetTests */,
				C956DFCB215A9255005F1822 /* CodeWalletWidgetUITests */,
			);
		};
/* End PBXProject section */

/* Begin PBXResourcesBuildPhase section */
		C956DFAB215A9253005F1822 /* Resources */ = {
			isa = PBXResourcesBuildPhase;
			buildActionMask = 2147483647;
			files = (
				C956DFBB215A9255005F1822 /* LaunchScreen.storyboard in Resources */,
				C956DFB8215A9255005F1822 /* Assets.xcassets in Resources */,
				C956DFB6215A9253005F1822 /* Main.storyboard in Resources */,
			);
			runOnlyForDeploymentPostprocessing = 0;
		};
		C956DFBF215A9255005F1822 /* Resources */ = {
			isa = PBXResourcesBuildPhase;
			buildActionMask = 2147483647;
			files = (
			);
			runOnlyForDeploymentPostprocessing = 0;
		};
		C956DFCA215A9255005F1822 /* Resources */ = {
			isa = PBXResourcesBuildPhase;
			buildActionMask = 2147483647;
			files = (
			);
			runOnlyForDeploymentPostprocessing = 0;
		};
/* End PBXResourcesBuildPhase section */

/* Begin PBXSourcesBuildPhase section */
		C956DFA9215A9253005F1822 /* Sources */ = {
			isa = PBXSourcesBuildPhase;
			buildActionMask = 2147483647;
			files = (
				C956DFE5215A97C0005F1822 /* CodeTableViewNavigationController.swift in Sources */,
				C956DFE7215AA0F3005F1822 /* AddCodeViewController.swift in Sources */,
				C956DFE3215A9673005F1822 /* Code.swift in Sources */,
				C956DFE0215A95C8005F1822 /* CodeTableViewCell.swift in Sources */,
				C956DFB3215A9253005F1822 /* CodeTableViewController.swift in Sources */,
				C956DFB1215A9253005F1822 /* AppDelegate.swift in Sources */,
			);
			runOnlyForDeploymentPostprocessing = 0;
		};
		C956DFBD215A9255005F1822 /* Sources */ = {
			isa = PBXSourcesBuildPhase;
			buildActionMask = 2147483647;
			files = (
				C956DFC6215A9255005F1822 /* CodeWalletWidgetTests.swift in Sources */,
			);
			runOnlyForDeploymentPostprocessing = 0;
		};
		C956DFC8215A9255005F1822 /* Sources */ = {
			isa = PBXSourcesBuildPhase;
			buildActionMask = 2147483647;
			files = (
				C956DFD1215A9255005F1822 /* CodeWalletWidgetUITests.swift in Sources */,
			);
			runOnlyForDeploymentPostprocessing = 0;
		};
/* End PBXSourcesBuildPhase section */

/* Begin PBXTargetDependency section */
		C956DFC3215A9255005F1822 /* PBXTargetDependency */ = {
			isa = PBXTargetDependency;
			target = C956DFAC215A9253005F1822 /* CodeWalletWidget */;
			targetProxy = C956DFC2215A9255005F1822 /* PBXContainerItemProxy */;
		};
		C956DFCE215A9255005F1822 /* PBXTargetDependency */ = {
			isa = PBXTargetDependency;
			target = C956DFAC215A9253005F1822 /* CodeWalletWidget */;
			targetProxy = C956DFCD215A9255005F1822 /* PBXContainerItemProxy */;
		};
/* End PBXTargetDependency section */

/* Begin PBXVariantGroup section */
		C956DFB4215A9253005F1822 /* Main.storyboard */ = {
			isa = PBXVariantGroup;
			children = (
				C956DFB5215A9253005F1822 /* Base */,
			);
			name = Main.storyboard;
			sourceTree = "<group>";
		};
		C956DFB9215A9255005F1822 /* LaunchScreen.storyboard */ = {
			isa = PBXVariantGroup;
			children = (
				C956DFBA215A9255005F1822 /* Base */,
			);
			name = LaunchScreen.storyboard;
			sourceTree = "<group>";
		};
/* End PBXVariantGroup section */

/* Begin XCBuildConfiguration section */
		C956DFD3215A9255005F1822 /* Debug */ = {
			isa = XCBuildConfiguration;
			buildSettings = {
				ALWAYS_SEARCH_USER_PATHS = NO;
				CLANG_ANALYZER_NONNULL = YES;
				CLANG_ANALYZER_NUMBER_OBJECT_CONVERSION = YES_AGGRESSIVE;
				CLANG_CXX_LANGUAGE_STANDARD = "gnu++14";
				CLANG_CXX_LIBRARY = "libc++";
				CLANG_ENABLE_MODULES = YES;
				CLANG_ENABLE_OBJC_ARC = YES;
				CLANG_ENABLE_OBJC_WEAK = YES;
				CLANG_WARN_BLOCK_CAPTURE_AUTORELEASING = YES;
				CLANG_WARN_BOOL_CONVERSION = YES;
				CLANG_WARN_COMMA = YES;
				CLANG_WARN_CONSTANT_CONVERSION = YES;
				CLANG_WARN_DEPRECATED_OBJC_IMPLEMENTATIONS = YES;
				CLANG_WARN_DIRECT_OBJC_ISA_USAGE = YES_ERROR;
				CLANG_WARN_DOCUMENTATION_COMMENTS = YES;
				CLANG_WARN_EMPTY_BODY = YES;
				CLANG_WARN_ENUM_CONVERSION = YES;
				CLANG_WARN_INFINITE_RECURSION = YES;
				CLANG_WARN_INT_CONVERSION = YES;
				CLANG_WARN_NON_LITERAL_NULL_CONVERSION = YES;
				CLANG_WARN_OBJC_IMPLICIT_RETAIN_SELF = YES;
				CLANG_WARN_OBJC_LITERAL_CONVERSION = YES;
				CLANG_WARN_OBJC_ROOT_CLASS = YES_ERROR;
				CLANG_WARN_RANGE_LOOP_ANALYSIS = YES;
				CLANG_WARN_STRICT_PROTOTYPES = YES;
				CLANG_WARN_SUSPICIOUS_MOVE = YES;
				CLANG_WARN_UNGUARDED_AVAILABILITY = YES_AGGRESSIVE;
				CLANG_WARN_UNREACHABLE_CODE = YES;
				CLANG_WARN__DUPLICATE_METHOD_MATCH = YES;
				CODE_SIGN_IDENTITY = "iPhone Developer";
				COPY_PHASE_STRIP = NO;
				DEBUG_INFORMATION_FORMAT = dwarf;
				ENABLE_STRICT_OBJC_MSGSEND = YES;
				ENABLE_TESTABILITY = YES;
				GCC_C_LANGUAGE_STANDARD = gnu11;
				GCC_DYNAMIC_NO_PIC = NO;
				GCC_NO_COMMON_BLOCKS = YES;
				GCC_OPTIMIZATION_LEVEL = 0;
				GCC_PREPROCESSOR_DEFINITIONS = (
					"DEBUG=1",
					"$(inherited)",
				);
				GCC_WARN_64_TO_32_BIT_CONVERSION = YES;
				GCC_WARN_ABOUT_RETURN_TYPE = YES_ERROR;
				GCC_WARN_UNDECLARED_SELECTOR = YES;
				GCC_WARN_UNINITIALIZED_AUTOS = YES_AGGRESSIVE;
				GCC_WARN_UNUSED_FUNCTION = YES;
				GCC_WARN_UNUSED_VARIABLE = YES;
				IPHONEOS_DEPLOYMENT_TARGET = 10.0;
				MTL_ENABLE_DEBUG_INFO = INCLUDE_SOURCE;
				MTL_FAST_MATH = YES;
				ONLY_ACTIVE_ARCH = YES;
				SDKROOT = iphoneos;
				SWIFT_ACTIVE_COMPILATION_CONDITIONS = DEBUG;
				SWIFT_OPTIMIZATION_LEVEL = "-Onone";
			};
			name = Debug;
		};
		C956DFD4215A9255005F1822 /* Release */ = {
			isa = XCBuildConfiguration;
			buildSettings = {
				ALWAYS_SEARCH_USER_PATHS = NO;
				CLANG_ANALYZER_NONNULL = YES;
				CLANG_ANALYZER_NUMBER_OBJECT_CONVERSION = YES_AGGRESSIVE;
				CLANG_CXX_LANGUAGE_STANDARD = "gnu++14";
				CLANG_CXX_LIBRARY = "libc++";
				CLANG_ENABLE_MODULES = YES;
				CLANG_ENABLE_OBJC_ARC = YES;
				CLANG_ENABLE_OBJC_WEAK = YES;
				CLANG_WARN_BLOCK_CAPTURE_AUTORELEASING = YES;
				CLANG_WARN_BOOL_CONVERSION = YES;
				CLANG_WARN_COMMA = YES;
				CLANG_WARN_CONSTANT_CONVERSION = YES;
				CLANG_WARN_DEPRECATED_OBJC_IMPLEMENTATIONS = YES;
				CLANG_WARN_DIRECT_OBJC_ISA_USAGE = YES_ERROR;
				CLANG_WARN_DOCUMENTATION_COMMENTS = YES;
				CLANG_WARN_EMPTY_BODY = YES;
				CLANG_WARN_ENUM_CONVERSION = YES;
				CLANG_WARN_INFINITE_RECURSION = YES;
				CLANG_WARN_INT_CONVERSION = YES;
				CLANG_WARN_NON_LITERAL_NULL_CONVERSION = YES;
				CLANG_WARN_OBJC_IMPLICIT_RETAIN_SELF = YES;
				CLANG_WARN_OBJC_LITERAL_CONVERSION = YES;
				CLANG_WARN_OBJC_ROOT_CLASS = YES_ERROR;
				CLANG_WARN_RANGE_LOOP_ANALYSIS = YES;
				CLANG_WARN_STRICT_PROTOTYPES = YES;
				CLANG_WARN_SUSPICIOUS_MOVE = YES;
				CLANG_WARN_UNGUARDED_AVAILABILITY = YES_AGGRESSIVE;
				CLANG_WARN_UNREACHABLE_CODE = YES;
				CLANG_WARN__DUPLICATE_METHOD_MATCH = YES;
				CODE_SIGN_IDENTITY = "iPhone Developer";
				COPY_PHASE_STRIP = NO;
				DEBUG_INFORMATION_FORMAT = "dwarf-with-dsym";
				ENABLE_NS_ASSERTIONS = NO;
				ENABLE_STRICT_OBJC_MSGSEND = YES;
				GCC_C_LANGUAGE_STANDARD = gnu11;
				GCC_NO_COMMON_BLOCKS = YES;
				GCC_WARN_64_TO_32_BIT_CONVERSION = YES;
				GCC_WARN_ABOUT_RETURN_TYPE = YES_ERROR;
				GCC_WARN_UNDECLARED_SELECTOR = YES;
				GCC_WARN_UNINITIALIZED_AUTOS = YES_AGGRESSIVE;
				GCC_WARN_UNUSED_FUNCTION = YES;
				GCC_WARN_UNUSED_VARIABLE = YES;
				IPHONEOS_DEPLOYMENT_TARGET = 10.0;
				MTL_ENABLE_DEBUG_INFO = NO;
				MTL_FAST_MATH = YES;
				SDKROOT = iphoneos;
				SWIFT_COMPILATION_MODE = wholemodule;
				SWIFT_OPTIMIZATION_LEVEL = "-O";
				VALIDATE_PRODUCT = YES;
			};
			name = Release;
		};
		C956DFD6215A9255005F1822 /* Debug */ = {
			isa = XCBuildConfiguration;
			buildSettings = {
				ASSETCATALOG_COMPILER_APPICON_NAME = AppIcon;
				CODE_SIGN_STYLE = Automatic;
				DEVELOPMENT_TEAM = 9WWSXM777M;
				INFOPLIST_FILE = CodeWalletWidget/Info.plist;
				IPHONEOS_DEPLOYMENT_TARGET = 10.0;
				LD_RUNPATH_SEARCH_PATHS = (
					"$(inherited)",
					"@executable_path/Frameworks",
				);
				PRODUCT_BUNDLE_IDENTIFIER = com.alexanderschulz.CodeWalletWidget;
				PRODUCT_NAME = "$(TARGET_NAME)";
				SWIFT_VERSION = 4.2;
				TARGETED_DEVICE_FAMILY = 1;
			};
			name = Debug;
		};
		C956DFD7215A9255005F1822 /* Release */ = {
			isa = XCBuildConfiguration;
			buildSettings = {
				ASSETCATALOG_COMPILER_APPICON_NAME = AppIcon;
				CODE_SIGN_STYLE = Automatic;
				DEVELOPMENT_TEAM = 9WWSXM777M;
				INFOPLIST_FILE = CodeWalletWidget/Info.plist;
				IPHONEOS_DEPLOYMENT_TARGET = 10.0;
				LD_RUNPATH_SEARCH_PATHS = (
					"$(inherited)",
					"@executable_path/Frameworks",
				);
				PRODUCT_BUNDLE_IDENTIFIER = com.alexanderschulz.CodeWalletWidget;
				PRODUCT_NAME = "$(TARGET_NAME)";
				SWIFT_VERSION = 4.2;
				TARGETED_DEVICE_FAMILY = 1;
			};
			name = Release;
		};
		C956DFD9215A9255005F1822 /* Debug */ = {
			isa = XCBuildConfiguration;
			buildSettings = {
				ALWAYS_EMBED_SWIFT_STANDARD_LIBRARIES = YES;
				BUNDLE_LOADER = "$(TEST_HOST)";
				CODE_SIGN_STYLE = Automatic;
				DEVELOPMENT_TEAM = FGBNPQTMV3;
				INFOPLIST_FILE = CodeWalletWidgetTests/Info.plist;
				LD_RUNPATH_SEARCH_PATHS = (
					"$(inherited)",
					"@executable_path/Frameworks",
					"@loader_path/Frameworks",
				);
				PRODUCT_BUNDLE_IDENTIFIER = com.alexanderschulz.CodeWalletWidgetTests;
				PRODUCT_NAME = "$(TARGET_NAME)";
				SWIFT_VERSION = 4.2;
				TARGETED_DEVICE_FAMILY = "1,2";
				TEST_HOST = "$(BUILT_PRODUCTS_DIR)/CodeWalletWidget.app/CodeWalletWidget";
			};
			name = Debug;
		};
		C956DFDA215A9255005F1822 /* Release */ = {
			isa = XCBuildConfiguration;
			buildSettings = {
				ALWAYS_EMBED_SWIFT_STANDARD_LIBRARIES = YES;
				BUNDLE_LOADER = "$(TEST_HOST)";
				CODE_SIGN_STYLE = Automatic;
				DEVELOPMENT_TEAM = FGBNPQTMV3;
				INFOPLIST_FILE = CodeWalletWidgetTests/Info.plist;
				LD_RUNPATH_SEARCH_PATHS = (
					"$(inherited)",
					"@executable_path/Frameworks",
					"@loader_path/Frameworks",
				);
				PRODUCT_BUNDLE_IDENTIFIER = com.alexanderschulz.CodeWalletWidgetTests;
				PRODUCT_NAME = "$(TARGET_NAME)";
				SWIFT_VERSION = 4.2;
				TARGETED_DEVICE_FAMILY = "1,2";
				TEST_HOST = "$(BUILT_PRODUCTS_DIR)/CodeWalletWidget.app/CodeWalletWidget";
			};
			name = Release;
		};
		C956DFDC215A9255005F1822 /* Debug */ = {
			isa = XCBuildConfiguration;
			buildSettings = {
				ALWAYS_EMBED_SWIFT_STANDARD_LIBRARIES = YES;
				CODE_SIGN_STYLE = Automatic;
				DEVELOPMENT_TEAM = FGBNPQTMV3;
				INFOPLIST_FILE = CodeWalletWidgetUITests/Info.plist;
				LD_RUNPATH_SEARCH_PATHS = (
					"$(inherited)",
					"@executable_path/Frameworks",
					"@loader_path/Frameworks",
				);
				PRODUCT_BUNDLE_IDENTIFIER = com.alexanderschulz.CodeWalletWidgetUITests;
				PRODUCT_NAME = "$(TARGET_NAME)";
				SWIFT_VERSION = 4.2;
				TARGETED_DEVICE_FAMILY = "1,2";
				TEST_TARGET_NAME = CodeWalletWidget;
			};
			name = Debug;
		};
		C956DFDD215A9255005F1822 /* Release */ = {
			isa = XCBuildConfiguration;
			buildSettings = {
				ALWAYS_EMBED_SWIFT_STANDARD_LIBRARIES = YES;
				CODE_SIGN_STYLE = Automatic;
				DEVELOPMENT_TEAM = FGBNPQTMV3;
				INFOPLIST_FILE = CodeWalletWidgetUITests/Info.plist;
				LD_RUNPATH_SEARCH_PATHS = (
					"$(inherited)",
					"@executable_path/Frameworks",
					"@loader_path/Frameworks",
				);
				PRODUCT_BUNDLE_IDENTIFIER = com.alexanderschulz.CodeWalletWidgetUITests;
				PRODUCT_NAME = "$(TARGET_NAME)";
				SWIFT_VERSION = 4.2;
				TARGETED_DEVICE_FAMILY = "1,2";
				TEST_TARGET_NAME = CodeWalletWidget;
			};
			name = Release;
		};
/* End XCBuildConfiguration section */

/* Begin XCConfigurationList section */
		C956DFA8215A9253005F1822 /* Build configuration list for PBXProject "CodeWalletWidget" */ = {
			isa = XCConfigurationList;
			buildConfigurations = (
				C956DFD3215A9255005F1822 /* Debug */,
				C956DFD4215A9255005F1822 /* Release */,
			);
			defaultConfigurationIsVisible = 0;
			defaultConfigurationName = Release;
		};
		C956DFD5215A9255005F1822 /* Build configuration list for PBXNativeTarget "CodeWalletWidget" */ = {
			isa = XCConfigurationList;
			buildConfigurations = (
				C956DFD6215A9255005F1822 /* Debug */,
				C956DFD7215A9255005F1822 /* Release */,
			);
			defaultConfigurationIsVisible = 0;
			defaultConfigurationName = Release;
		};
		C956DFD8215A9255005F1822 /* Build configuration list for PBXNativeTarget "CodeWalletWidgetTests" */ = {
			isa = XCConfigurationList;
			buildConfigurations = (
				C956DFD9215A9255005F1822 /* Debug */,
				C956DFDA215A9255005F1822 /* Release */,
			);
			defaultConfigurationIsVisible = 0;
			defaultConfigurationName = Release;
		};
		C956DFDB215A9255005F1822 /* Build configuration list for PBXNativeTarget "CodeWalletWidgetUITests" */ = {
			isa = XCConfigurationList;
			buildConfigurations = (
				C956DFDC215A9255005F1822 /* Debug */,
				C956DFDD215A9255005F1822 /* Release */,
			);
			defaultConfigurationIsVisible = 0;
			defaultConfigurationName = Release;
		};
/* End XCConfigurationList section */
	};
	rootObject = C956DFA5215A9253005F1822 /* Project object */;
}
