// !$*UTF8*$!
{
	archiveVersion = 1;
	classes = {
	};
	objectVersion = 50;
	objects = {

/* Begin PBXBuildFile section */
		0C2648F766928141B4D1C709 /* Pods_CodeWalletWidgetApp.framework in Frameworks */ = {isa = PBXBuildFile; fileRef = CED17B09A0D31E96C674B8A1 /* Pods_CodeWalletWidgetApp.framework */; };
		18EC23FC12A0D2CEB642AE35 /* Pods_CodeWalletWidgetTests.framework in Frameworks */ = {isa = PBXBuildFile; fileRef = EFE89A4A56BC1E6A24470A9D /* Pods_CodeWalletWidgetTests.framework */; };
		1D87952E8DD094D22D3CA099 /* Pods_CodeWalletWidget.framework in Frameworks */ = {isa = PBXBuildFile; fileRef = 9276A70E3DD90805320F0CC4 /* Pods_CodeWalletWidget.framework */; };
		451B4012681777AD8F7D7D8E /* Pods_CodeWalletWidgetUITests.framework in Frameworks */ = {isa = PBXBuildFile; fileRef = FD0F6D0BFA6C15B4B7815F86 /* Pods_CodeWalletWidgetUITests.framework */; };
		591A73A72E1548FCAAAD7F73 /* Pods_CodeWalletWidget.framework in Frameworks */ = {isa = PBXBuildFile; fileRef = C9D2F5312166687800D9016B /* Pods_CodeWalletWidget.framework */; };
		C90D4F4C219B5F2A00ABF9FC /* Settings.swift in Sources */ = {isa = PBXBuildFile; fileRef = C96B7C31216503BC00F9B67F /* Settings.swift */; };
		C90D4F4D219B5F6100ABF9FC /* Themes.swift in Sources */ = {isa = PBXBuildFile; fileRef = C96B7C33216503F300F9B67F /* Themes.swift */; };
		C910656921674DAF00711099 /* Localizable.strings in Resources */ = {isa = PBXBuildFile; fileRef = C910656821674DAE00711099 /* Localizable.strings */; };
		C9182BB72180F42300B5872A /* CodeManager.swift in Sources */ = {isa = PBXBuildFile; fileRef = C9C03A93216348DE000533CE /* CodeManager.swift */; };
		C9182BB82180F42300B5872A /* Code.swift in Sources */ = {isa = PBXBuildFile; fileRef = C956DFE2215A9673005F1822 /* Code.swift */; };
		C9182BB92180F47700B5872A /* CodeManagerArchive.swift in Sources */ = {isa = PBXBuildFile; fileRef = C9C03A96216349E8000533CE /* CodeManagerArchive.swift */; };
		C9182BBB2180F48200B5872A /* Utils.swift in Sources */ = {isa = PBXBuildFile; fileRef = C9182BBA2180F48200B5872A /* Utils.swift */; };
		C92BCF8121675134004BDAEC /* CoreExtensions.swift in Sources */ = {isa = PBXBuildFile; fileRef = C92BCF8021675134004BDAEC /* CoreExtensions.swift */; };
		C92BCF8221675134004BDAEC /* CoreExtensions.swift in Sources */ = {isa = PBXBuildFile; fileRef = C92BCF8021675134004BDAEC /* CoreExtensions.swift */; };
		C93433D8218B273900C2B966 /* LocationNotification.swift in Sources */ = {isa = PBXBuildFile; fileRef = C97E68112188567200272B9F /* LocationNotification.swift */; };
		C93433D9218B278700C2B966 /* LocationService.swift in Sources */ = {isa = PBXBuildFile; fileRef = C97E681321885E6700272B9F /* LocationService.swift */; };
		C9473A5B21888EC90027A85C /* LocationService.swift in Sources */ = {isa = PBXBuildFile; fileRef = C97E681321885E6700272B9F /* LocationService.swift */; };
		C9473A5D2188F9E90027A85C /* CodeSettingsTableViewController.swift in Sources */ = {isa = PBXBuildFile; fileRef = C9473A5C2188F9E90027A85C /* CodeSettingsTableViewController.swift */; };
		C956DFB1215A9253005F1822 /* AppDelegate.swift in Sources */ = {isa = PBXBuildFile; fileRef = C956DFB0215A9253005F1822 /* AppDelegate.swift */; };
		C956DFB3215A9253005F1822 /* CodeTableViewController.swift in Sources */ = {isa = PBXBuildFile; fileRef = C956DFB2215A9253005F1822 /* CodeTableViewController.swift */; };
		C956DFB6215A9253005F1822 /* Main.storyboard in Resources */ = {isa = PBXBuildFile; fileRef = C956DFB4215A9253005F1822 /* Main.storyboard */; };
		C956DFB8215A9255005F1822 /* Assets.xcassets in Resources */ = {isa = PBXBuildFile; fileRef = C956DFB7215A9255005F1822 /* Assets.xcassets */; };
		C956DFBB215A9255005F1822 /* LaunchScreen.storyboard in Resources */ = {isa = PBXBuildFile; fileRef = C956DFB9215A9255005F1822 /* LaunchScreen.storyboard */; };
		C956DFC6215A9255005F1822 /* CodeWalletWidgetTests.swift in Sources */ = {isa = PBXBuildFile; fileRef = C956DFC5215A9255005F1822 /* CodeWalletWidgetTests.swift */; };
		C956DFD1215A9255005F1822 /* CodeWalletWidgetUITests.swift in Sources */ = {isa = PBXBuildFile; fileRef = C956DFD0215A9255005F1822 /* CodeWalletWidgetUITests.swift */; };
		C956DFE0215A95C8005F1822 /* CodeTableViewCell.swift in Sources */ = {isa = PBXBuildFile; fileRef = C956DFDF215A95C8005F1822 /* CodeTableViewCell.swift */; };
		C956DFE3215A9673005F1822 /* Code.swift in Sources */ = {isa = PBXBuildFile; fileRef = C956DFE2215A9673005F1822 /* Code.swift */; };
		C956DFE5215A97C0005F1822 /* CodeTableViewNavigationController.swift in Sources */ = {isa = PBXBuildFile; fileRef = C956DFE4215A97C0005F1822 /* CodeTableViewNavigationController.swift */; };
		C956DFE7215AA0F3005F1822 /* AddCodeViewController.swift in Sources */ = {isa = PBXBuildFile; fileRef = C956DFE6215AA0F3005F1822 /* AddCodeViewController.swift */; };
		C96B7C302165003100F9B67F /* SettingsTableViewController.swift in Sources */ = {isa = PBXBuildFile; fileRef = C96B7C2F2165003100F9B67F /* SettingsTableViewController.swift */; };
		C96B7C32216503BC00F9B67F /* Settings.swift in Sources */ = {isa = PBXBuildFile; fileRef = C96B7C31216503BC00F9B67F /* Settings.swift */; };
		C96B7C34216503F300F9B67F /* Themes.swift in Sources */ = {isa = PBXBuildFile; fileRef = C96B7C33216503F300F9B67F /* Themes.swift */; };
		C96B7C362165042400F9B67F /* SettingsArchive.swift in Sources */ = {isa = PBXBuildFile; fileRef = C96B7C352165042400F9B67F /* SettingsArchive.swift */; };
		C96B7C3821650ECD00F9B67F /* PrivacyPolicyViewController.swift in Sources */ = {isa = PBXBuildFile; fileRef = C96B7C3721650ECD00F9B67F /* PrivacyPolicyViewController.swift */; };
		C96B7C3A2165320000F9B67F /* Keys.json in Resources */ = {isa = PBXBuildFile; fileRef = C96B7C392165320000F9B67F /* Keys.json */; };
		C96B7C3E2166094200F9B67F /* SideMenuButton.swift in Sources */ = {isa = PBXBuildFile; fileRef = C96B7C3C2166094200F9B67F /* SideMenuButton.swift */; };
		C96B7C3F2166094200F9B67F /* SideMenu.swift in Sources */ = {isa = PBXBuildFile; fileRef = C96B7C3D2166094200F9B67F /* SideMenu.swift */; };
		C96B7C4121660DC300F9B67F /* Localizable.strings in Resources */ = {isa = PBXBuildFile; fileRef = C96B7C4321660DC300F9B67F /* Localizable.strings */; };
		C96B7C4B2166464500F9B67F /* NotificationCenter.framework in Frameworks */ = {isa = PBXBuildFile; fileRef = C96B7C4A2166464500F9B67F /* NotificationCenter.framework */; };
		C96B7C4E2166464500F9B67F /* TodayViewController.swift in Sources */ = {isa = PBXBuildFile; fileRef = C96B7C4D2166464500F9B67F /* TodayViewController.swift */; };
		C96B7C512166464500F9B67F /* MainInterface.storyboard in Resources */ = {isa = PBXBuildFile; fileRef = C96B7C4F2166464500F9B67F /* MainInterface.storyboard */; };
		C96B7C552166464500F9B67F /* CodeWalletWidget.appex in Embed App Extensions */ = {isa = PBXBuildFile; fileRef = C96B7C492166464500F9B67F /* CodeWalletWidget.appex */; settings = {ATTRIBUTES = (RemoveHeadersOnCopy, ); }; };
		C96B7C61216665D000F9B67F /* CodeCollectionViewCell.swift in Sources */ = {isa = PBXBuildFile; fileRef = C96B7C60216665D000F9B67F /* CodeCollectionViewCell.swift */; };
		C96B7C622166676900F9B67F /* CodeManagerArchive.swift in Sources */ = {isa = PBXBuildFile; fileRef = C9C03A96216349E8000533CE /* CodeManagerArchive.swift */; };
		C96B7C632166676900F9B67F /* CodeManager.swift in Sources */ = {isa = PBXBuildFile; fileRef = C9C03A93216348DE000533CE /* CodeManager.swift */; };
		C96B7C642166676900F9B67F /* Code.swift in Sources */ = {isa = PBXBuildFile; fileRef = C956DFE2215A9673005F1822 /* Code.swift */; };
		C97E68122188567200272B9F /* LocationNotification.swift in Sources */ = {isa = PBXBuildFile; fileRef = C97E68112188567200272B9F /* LocationNotification.swift */; };
		C97E681421885E6700272B9F /* LocationService.swift in Sources */ = {isa = PBXBuildFile; fileRef = C97E681321885E6700272B9F /* LocationService.swift */; };
		C97F6E9021D520BD0076881C /* BarcodeInfoPanel.swift in Sources */ = {isa = PBXBuildFile; fileRef = C97F6E8F21D520BD0076881C /* BarcodeInfoPanel.swift */; };
		C986A41322747E51005ACAB0 /* Interface.storyboard in Resources */ = {isa = PBXBuildFile; fileRef = C986A41122747E51005ACAB0 /* Interface.storyboard */; };
		C986A41522747E53005ACAB0 /* Assets.xcassets in Resources */ = {isa = PBXBuildFile; fileRef = C986A41422747E53005ACAB0 /* Assets.xcassets */; };
		C986A41C22747E53005ACAB0 /* CodeWalletWidgetWatch Extension.appex in Embed App Extensions */ = {isa = PBXBuildFile; fileRef = C986A41B22747E53005ACAB0 /* CodeWalletWidgetWatch Extension.appex */; settings = {ATTRIBUTES = (RemoveHeadersOnCopy, ); }; };
		C986A42122747E53005ACAB0 /* CodeTableInterfaceController.swift in Sources */ = {isa = PBXBuildFile; fileRef = C986A42022747E53005ACAB0 /* CodeTableInterfaceController.swift */; };
		C986A42322747E53005ACAB0 /* ExtensionDelegate.swift in Sources */ = {isa = PBXBuildFile; fileRef = C986A42222747E53005ACAB0 /* ExtensionDelegate.swift */; };
		C986A42522747E53005ACAB0 /* NotificationController.swift in Sources */ = {isa = PBXBuildFile; fileRef = C986A42422747E53005ACAB0 /* NotificationController.swift */; };
		C986A42722747E53005ACAB0 /* Assets.xcassets in Resources */ = {isa = PBXBuildFile; fileRef = C986A42622747E53005ACAB0 /* Assets.xcassets */; };
		C986A42C22747E53005ACAB0 /* CodeWalletWidgetWatch.app in Embed Watch Content */ = {isa = PBXBuildFile; fileRef = C986A40F22747E51005ACAB0 /* CodeWalletWidgetWatch.app */; };
		C986A4372275A92A005ACAB0 /* CodeRowController.swift in Sources */ = {isa = PBXBuildFile; fileRef = C986A4362275A92A005ACAB0 /* CodeRowController.swift */; };
		C986A43A2275AAFD005ACAB0 /* WatchCode.swift in Sources */ = {isa = PBXBuildFile; fileRef = C986A4392275AAFD005ACAB0 /* WatchCode.swift */; };
		C986A43D2275AD38005ACAB0 /* CodeDetailInterfaceController.swift in Sources */ = {isa = PBXBuildFile; fileRef = C986A43C2275AD38005ACAB0 /* CodeDetailInterfaceController.swift */; };
		C986A43F2275B17F005ACAB0 /* ConnectivityHandler.swift in Sources */ = {isa = PBXBuildFile; fileRef = C986A43E2275B17F005ACAB0 /* ConnectivityHandler.swift */; };
		C986A4402275B3A3005ACAB0 /* WatchCode.swift in Sources */ = {isa = PBXBuildFile; fileRef = C986A4392275AAFD005ACAB0 /* WatchCode.swift */; };
		C998D5D5218C4FEB0072F733 /* LocationNotification.swift in Sources */ = {isa = PBXBuildFile; fileRef = C97E68112188567200272B9F /* LocationNotification.swift */; };
		C998D5DB218CE1D90072F733 /* TutorialPage.swift in Sources */ = {isa = PBXBuildFile; fileRef = C998D5D8218CE1D90072F733 /* TutorialPage.swift */; };
		C998D5DC218CE1D90072F733 /* TutorialPageViewController.swift in Sources */ = {isa = PBXBuildFile; fileRef = C998D5D9218CE1D90072F733 /* TutorialPageViewController.swift */; };
		C998D5DD218CE1D90072F733 /* TutorialViewController.swift in Sources */ = {isa = PBXBuildFile; fileRef = C998D5DA218CE1D90072F733 /* TutorialViewController.swift */; };
		C99B936B218B1A8A002A4FCD /* InfoPlist.strings in Resources */ = {isa = PBXBuildFile; fileRef = C99B936D218B1A8A002A4FCD /* InfoPlist.strings */; };
		C9C03A94216348DE000533CE /* CodeManager.swift in Sources */ = {isa = PBXBuildFile; fileRef = C9C03A93216348DE000533CE /* CodeManager.swift */; };
		C9C03A97216349E8000533CE /* CodeManagerArchive.swift in Sources */ = {isa = PBXBuildFile; fileRef = C9C03A96216349E8000533CE /* CodeManagerArchive.swift */; };
		C9C03A9A21634B8F000533CE /* Utils.swift in Sources */ = {isa = PBXBuildFile; fileRef = C9C03A9921634B8F000533CE /* Utils.swift */; };
		C9C03A9F2163597D000533CE /* ScanCodeViewController.swift in Sources */ = {isa = PBXBuildFile; fileRef = C9C03A9E2163597D000533CE /* ScanCodeViewController.swift */; };
		C9C03AA32163B440000533CE /* GoogleService-Info.plist in Resources */ = {isa = PBXBuildFile; fileRef = C9C03AA22163B440000533CE /* GoogleService-Info.plist */; };
		C9D2F53B2166923D00D9016B /* Utils.swift in Sources */ = {isa = PBXBuildFile; fileRef = C9C03A9921634B8F000533CE /* Utils.swift */; };
		C9F014F12180F04200EF2F5C /* FastlaneScreenshots.swift in Sources */ = {isa = PBXBuildFile; fileRef = C9F014F02180F04200EF2F5C /* FastlaneScreenshots.swift */; };
		C9F014F92180F15B00EF2F5C /* SnapshotHelper.swift in Sources */ = {isa = PBXBuildFile; fileRef = C9F014F82180F15B00EF2F5C /* SnapshotHelper.swift */; };
		C9F48E772167D7FD00695393 /* Media.xcassets in Resources */ = {isa = PBXBuildFile; fileRef = C9F48E762167D7FD00695393 /* Media.xcassets */; };
/* End PBXBuildFile section */

/* Begin PBXContainerItemProxy section */
		C956DFC2215A9255005F1822 /* PBXContainerItemProxy */ = {
			isa = PBXContainerItemProxy;
			containerPortal = C956DFA5215A9253005F1822 /* Project object */;
			proxyType = 1;
			remoteGlobalIDString = C956DFAC215A9253005F1822;
			remoteInfo = CodeWalletWidget;
		};
		C956DFCD215A9255005F1822 /* PBXContainerItemProxy */ = {
			isa = PBXContainerItemProxy;
			containerPortal = C956DFA5215A9253005F1822 /* Project object */;
			proxyType = 1;
			remoteGlobalIDString = C956DFAC215A9253005F1822;
			remoteInfo = CodeWalletWidget;
		};
		C96B7C532166464500F9B67F /* PBXContainerItemProxy */ = {
			isa = PBXContainerItemProxy;
			containerPortal = C956DFA5215A9253005F1822 /* Project object */;
			proxyType = 1;
			remoteGlobalIDString = C96B7C482166464500F9B67F;
			remoteInfo = TodayExtension;
		};
		C986A41D22747E53005ACAB0 /* PBXContainerItemProxy */ = {
			isa = PBXContainerItemProxy;
			containerPortal = C956DFA5215A9253005F1822 /* Project object */;
			proxyType = 1;
			remoteGlobalIDString = C986A41A22747E53005ACAB0;
			remoteInfo = "CodeWalletWidgetWatch Extension";
		};
		C986A42A22747E53005ACAB0 /* PBXContainerItemProxy */ = {
			isa = PBXContainerItemProxy;
			containerPortal = C956DFA5215A9253005F1822 /* Project object */;
			proxyType = 1;
			remoteGlobalIDString = C986A40E22747E51005ACAB0;
			remoteInfo = CodeWalletWidgetWatch;
		};
		C9F014F32180F04200EF2F5C /* PBXContainerItemProxy */ = {
			isa = PBXContainerItemProxy;
			containerPortal = C956DFA5215A9253005F1822 /* Project object */;
			proxyType = 1;
			remoteGlobalIDString = C956DFAC215A9253005F1822;
			remoteInfo = CodeWalletWidgetApp;
		};
/* End PBXContainerItemProxy section */

/* Begin PBXCopyFilesBuildPhase section */
		C96B7C592166464500F9B67F /* Embed App Extensions */ = {
			isa = PBXCopyFilesBuildPhase;
			buildActionMask = 2147483647;
			dstPath = "";
			dstSubfolderSpec = 13;
			files = (
				C96B7C552166464500F9B67F /* CodeWalletWidget.appex in Embed App Extensions */,
			);
			name = "Embed App Extensions";
			runOnlyForDeploymentPostprocessing = 0;
		};
		C986A43222747E53005ACAB0 /* Embed App Extensions */ = {
			isa = PBXCopyFilesBuildPhase;
			buildActionMask = 2147483647;
			dstPath = "";
			dstSubfolderSpec = 13;
			files = (
				C986A41C22747E53005ACAB0 /* CodeWalletWidgetWatch Extension.appex in Embed App Extensions */,
			);
			name = "Embed App Extensions";
			runOnlyForDeploymentPostprocessing = 0;
		};
		C986A43422747E53005ACAB0 /* Embed Watch Content */ = {
			isa = PBXCopyFilesBuildPhase;
			buildActionMask = 2147483647;
			dstPath = "$(CONTENTS_FOLDER_PATH)/Watch";
			dstSubfolderSpec = 16;
			files = (
				C986A42C22747E53005ACAB0 /* CodeWalletWidgetWatch.app in Embed Watch Content */,
			);
			name = "Embed Watch Content";
			runOnlyForDeploymentPostprocessing = 0;
		};
/* End PBXCopyFilesBuildPhase section */

/* Begin PBXFileReference section */
		6F4C3165CBBC20B50E1A550A /* Pods-CodeWalletWidgetApp.release.xcconfig */ = {isa = PBXFileReference; includeInIndex = 1; lastKnownFileType = text.xcconfig; name = "Pods-CodeWalletWidgetApp.release.xcconfig"; path = "Pods/Target Support Files/Pods-CodeWalletWidgetApp/Pods-CodeWalletWidgetApp.release.xcconfig"; sourceTree = "<group>"; };
		76634C023E79DFD1D6097D46 /* Pods-CodeWalletWidgetUITests.debug.xcconfig */ = {isa = PBXFileReference; includeInIndex = 1; lastKnownFileType = text.xcconfig; name = "Pods-CodeWalletWidgetUITests.debug.xcconfig"; path = "Pods/Target Support Files/Pods-CodeWalletWidgetUITests/Pods-CodeWalletWidgetUITests.debug.xcconfig"; sourceTree = "<group>"; };
		782D140A5F64AE510E8122BA /* Pods-CodeWalletWidgetApp.debug.xcconfig */ = {isa = PBXFileReference; includeInIndex = 1; lastKnownFileType = text.xcconfig; name = "Pods-CodeWalletWidgetApp.debug.xcconfig"; path = "Pods/Target Support Files/Pods-CodeWalletWidgetApp/Pods-CodeWalletWidgetApp.debug.xcconfig"; sourceTree = "<group>"; };
		7ED4F22D2C2E9F3BD512C827 /* Pods-CodeWalletWidgetTests.release.xcconfig */ = {isa = PBXFileReference; includeInIndex = 1; lastKnownFileType = text.xcconfig; name = "Pods-CodeWalletWidgetTests.release.xcconfig"; path = "Pods/Target Support Files/Pods-CodeWalletWidgetTests/Pods-CodeWalletWidgetTests.release.xcconfig"; sourceTree = "<group>"; };
		9276A70E3DD90805320F0CC4 /* Pods_CodeWalletWidget.framework */ = {isa = PBXFileReference; explicitFileType = wrapper.framework; includeInIndex = 0; path = Pods_CodeWalletWidget.framework; sourceTree = BUILT_PRODUCTS_DIR; };
		AE4FA7FDBFF263EC2DF30B9D /* Pods-CodeWalletWidget.release.xcconfig */ = {isa = PBXFileReference; includeInIndex = 1; lastKnownFileType = text.xcconfig; name = "Pods-CodeWalletWidget.release.xcconfig"; path = "Pods/Target Support Files/Pods-CodeWalletWidget/Pods-CodeWalletWidget.release.xcconfig"; sourceTree = "<group>"; };
		B798623A1DA2C7CF9AF94D0A /* Pods-CodeWalletWidgetTests.debug.xcconfig */ = {isa = PBXFileReference; includeInIndex = 1; lastKnownFileType = text.xcconfig; name = "Pods-CodeWalletWidgetTests.debug.xcconfig"; path = "Pods/Target Support Files/Pods-CodeWalletWidgetTests/Pods-CodeWalletWidgetTests.debug.xcconfig"; sourceTree = "<group>"; };
		C7C9BC24AEDE8C023FCAAA78 /* Pods-CodeWalletWidgetUITests.release.xcconfig */ = {isa = PBXFileReference; includeInIndex = 1; lastKnownFileType = text.xcconfig; name = "Pods-CodeWalletWidgetUITests.release.xcconfig"; path = "Pods/Target Support Files/Pods-CodeWalletWidgetUITests/Pods-CodeWalletWidgetUITests.release.xcconfig"; sourceTree = "<group>"; };
		C90C4363217E69D900905AF7 /* Pods_CodeWalletWidget.framework */ = {isa = PBXFileReference; explicitFileType = wrapper.framework; path = Pods_CodeWalletWidget.framework; sourceTree = BUILT_PRODUCTS_DIR; };
		C90C4365217E69E600905AF7 /* RSBarcodes_Swift.framework */ = {isa = PBXFileReference; explicitFileType = wrapper.framework; path = RSBarcodes_Swift.framework; sourceTree = BUILT_PRODUCTS_DIR; };
		C90C4367217E6A4F00905AF7 /* Pods_CodeWalletWidget.framework */ = {isa = PBXFileReference; explicitFileType = wrapper.framework; path = Pods_CodeWalletWidget.framework; sourceTree = BUILT_PRODUCTS_DIR; };
		C910656821674DAE00711099 /* Localizable.strings */ = {isa = PBXFileReference; lastKnownFileType = text.plist.strings; path = Localizable.strings; sourceTree = "<group>"; };
		C9182BBA2180F48200B5872A /* Utils.swift */ = {isa = PBXFileReference; lastKnownFileType = sourcecode.swift; path = Utils.swift; sourceTree = "<group>"; };
		C92BCF8021675134004BDAEC /* CoreExtensions.swift */ = {isa = PBXFileReference; lastKnownFileType = sourcecode.swift; path = CoreExtensions.swift; sourceTree = "<group>"; };
		C9473A5C2188F9E90027A85C /* CodeSettingsTableViewController.swift */ = {isa = PBXFileReference; lastKnownFileType = sourcecode.swift; path = CodeSettingsTableViewController.swift; sourceTree = "<group>"; };
		C956DFAD215A9253005F1822 /* CodeWalletWidgetApp.app */ = {isa = PBXFileReference; explicitFileType = wrapper.application; includeInIndex = 0; path = CodeWalletWidgetApp.app; sourceTree = BUILT_PRODUCTS_DIR; };
		C956DFB0215A9253005F1822 /* AppDelegate.swift */ = {isa = PBXFileReference; lastKnownFileType = sourcecode.swift; path = AppDelegate.swift; sourceTree = "<group>"; };
		C956DFB2215A9253005F1822 /* CodeTableViewController.swift */ = {isa = PBXFileReference; lastKnownFileType = sourcecode.swift; path = CodeTableViewController.swift; sourceTree = "<group>"; };
		C956DFB5215A9253005F1822 /* Base */ = {isa = PBXFileReference; lastKnownFileType = file.storyboard; name = Base; path = Base.lproj/Main.storyboard; sourceTree = "<group>"; };
		C956DFB7215A9255005F1822 /* Assets.xcassets */ = {isa = PBXFileReference; lastKnownFileType = folder.assetcatalog; path = Assets.xcassets; sourceTree = "<group>"; };
		C956DFBA215A9255005F1822 /* Base */ = {isa = PBXFileReference; lastKnownFileType = file.storyboard; name = Base; path = Base.lproj/LaunchScreen.storyboard; sourceTree = "<group>"; };
		C956DFBC215A9255005F1822 /* Info.plist */ = {isa = PBXFileReference; lastKnownFileType = text.plist.xml; path = Info.plist; sourceTree = "<group>"; };
		C956DFC1215A9255005F1822 /* CodeWalletWidgetTests.xctest */ = {isa = PBXFileReference; explicitFileType = wrapper.cfbundle; includeInIndex = 0; path = CodeWalletWidgetTests.xctest; sourceTree = BUILT_PRODUCTS_DIR; };
		C956DFC5215A9255005F1822 /* CodeWalletWidgetTests.swift */ = {isa = PBXFileReference; lastKnownFileType = sourcecode.swift; path = CodeWalletWidgetTests.swift; sourceTree = "<group>"; };
		C956DFC7215A9255005F1822 /* Info.plist */ = {isa = PBXFileReference; lastKnownFileType = text.plist.xml; path = Info.plist; sourceTree = "<group>"; };
		C956DFCC215A9255005F1822 /* CodeWalletWidgetUITests.xctest */ = {isa = PBXFileReference; explicitFileType = wrapper.cfbundle; includeInIndex = 0; path = CodeWalletWidgetUITests.xctest; sourceTree = BUILT_PRODUCTS_DIR; };
		C956DFD0215A9255005F1822 /* CodeWalletWidgetUITests.swift */ = {isa = PBXFileReference; lastKnownFileType = sourcecode.swift; path = CodeWalletWidgetUITests.swift; sourceTree = "<group>"; };
		C956DFD2215A9255005F1822 /* Info.plist */ = {isa = PBXFileReference; lastKnownFileType = text.plist.xml; path = Info.plist; sourceTree = "<group>"; };
		C956DFDF215A95C8005F1822 /* CodeTableViewCell.swift */ = {isa = PBXFileReference; lastKnownFileType = sourcecode.swift; path = CodeTableViewCell.swift; sourceTree = "<group>"; };
		C956DFE2215A9673005F1822 /* Code.swift */ = {isa = PBXFileReference; lastKnownFileType = sourcecode.swift; path = Code.swift; sourceTree = "<group>"; };
		C956DFE4215A97C0005F1822 /* CodeTableViewNavigationController.swift */ = {isa = PBXFileReference; lastKnownFileType = sourcecode.swift; path = CodeTableViewNavigationController.swift; sourceTree = "<group>"; };
		C956DFE6215AA0F3005F1822 /* AddCodeViewController.swift */ = {isa = PBXFileReference; lastKnownFileType = sourcecode.swift; path = AddCodeViewController.swift; sourceTree = "<group>"; };
		C96B7C2F2165003100F9B67F /* SettingsTableViewController.swift */ = {isa = PBXFileReference; lastKnownFileType = sourcecode.swift; path = SettingsTableViewController.swift; sourceTree = "<group>"; };
		C96B7C31216503BC00F9B67F /* Settings.swift */ = {isa = PBXFileReference; lastKnownFileType = sourcecode.swift; path = Settings.swift; sourceTree = "<group>"; };
		C96B7C33216503F300F9B67F /* Themes.swift */ = {isa = PBXFileReference; lastKnownFileType = sourcecode.swift; path = Themes.swift; sourceTree = "<group>"; };
		C96B7C352165042400F9B67F /* SettingsArchive.swift */ = {isa = PBXFileReference; lastKnownFileType = sourcecode.swift; path = SettingsArchive.swift; sourceTree = "<group>"; };
		C96B7C3721650ECD00F9B67F /* PrivacyPolicyViewController.swift */ = {isa = PBXFileReference; lastKnownFileType = sourcecode.swift; path = PrivacyPolicyViewController.swift; sourceTree = "<group>"; };
		C96B7C392165320000F9B67F /* Keys.json */ = {isa = PBXFileReference; fileEncoding = 4; lastKnownFileType = text.json; path = Keys.json; sourceTree = "<group>"; };
		C96B7C3C2166094200F9B67F /* SideMenuButton.swift */ = {isa = PBXFileReference; fileEncoding = 4; lastKnownFileType = sourcecode.swift; path = SideMenuButton.swift; sourceTree = "<group>"; };
		C96B7C3D2166094200F9B67F /* SideMenu.swift */ = {isa = PBXFileReference; fileEncoding = 4; lastKnownFileType = sourcecode.swift; path = SideMenu.swift; sourceTree = "<group>"; };
		C96B7C4021660CDD00F9B67F /* de */ = {isa = PBXFileReference; lastKnownFileType = text.plist.strings; name = de; path = de.lproj/Main.strings; sourceTree = "<group>"; };
		C96B7C4221660DC300F9B67F /* de */ = {isa = PBXFileReference; lastKnownFileType = text.plist.strings; name = de; path = de.lproj/Localizable.strings; sourceTree = "<group>"; };
		C96B7C4421660DF500F9B67F /* en */ = {isa = PBXFileReference; lastKnownFileType = text.plist.strings; name = en; path = en.lproj/Localizable.strings; sourceTree = "<group>"; };
		C96B7C492166464500F9B67F /* CodeWalletWidget.appex */ = {isa = PBXFileReference; explicitFileType = "wrapper.app-extension"; includeInIndex = 0; path = CodeWalletWidget.appex; sourceTree = BUILT_PRODUCTS_DIR; };
		C96B7C4A2166464500F9B67F /* NotificationCenter.framework */ = {isa = PBXFileReference; lastKnownFileType = wrapper.framework; name = NotificationCenter.framework; path = System/Library/Frameworks/NotificationCenter.framework; sourceTree = SDKROOT; };
		C96B7C4D2166464500F9B67F /* TodayViewController.swift */ = {isa = PBXFileReference; lastKnownFileType = sourcecode.swift; path = TodayViewController.swift; sourceTree = "<group>"; };
		C96B7C502166464500F9B67F /* Base */ = {isa = PBXFileReference; lastKnownFileType = file.storyboard; name = Base; path = Base.lproj/MainInterface.storyboard; sourceTree = "<group>"; };
		C96B7C522166464500F9B67F /* Info.plist */ = {isa = PBXFileReference; lastKnownFileType = text.plist.xml; path = Info.plist; sourceTree = "<group>"; };
		C96B7C5A216661BD00F9B67F /* CodeWalletWidget.entitlements */ = {isa = PBXFileReference; lastKnownFileType = text.plist.entitlements; path = CodeWalletWidget.entitlements; sourceTree = "<group>"; };
		C96B7C5B216662E600F9B67F /* CodeWalletWidgetApp.entitlements */ = {isa = PBXFileReference; lastKnownFileType = text.plist.entitlements; path = CodeWalletWidgetApp.entitlements; sourceTree = "<group>"; };
		C96B7C60216665D000F9B67F /* CodeCollectionViewCell.swift */ = {isa = PBXFileReference; lastKnownFileType = sourcecode.swift; path = CodeCollectionViewCell.swift; sourceTree = "<group>"; };
		C97E68112188567200272B9F /* LocationNotification.swift */ = {isa = PBXFileReference; lastKnownFileType = sourcecode.swift; path = LocationNotification.swift; sourceTree = "<group>"; };
		C97E681321885E6700272B9F /* LocationService.swift */ = {isa = PBXFileReference; lastKnownFileType = sourcecode.swift; path = LocationService.swift; sourceTree = "<group>"; };
		C97F6E8F21D520BD0076881C /* BarcodeInfoPanel.swift */ = {isa = PBXFileReference; lastKnownFileType = sourcecode.swift; path = BarcodeInfoPanel.swift; sourceTree = "<group>"; };
		C986A40F22747E51005ACAB0 /* CodeWalletWidgetWatch.app */ = {isa = PBXFileReference; explicitFileType = wrapper.application; includeInIndex = 0; path = CodeWalletWidgetWatch.app; sourceTree = BUILT_PRODUCTS_DIR; };
		C986A41222747E51005ACAB0 /* Base */ = {isa = PBXFileReference; lastKnownFileType = file.storyboard; name = Base; path = Base.lproj/Interface.storyboard; sourceTree = "<group>"; };
		C986A41422747E53005ACAB0 /* Assets.xcassets */ = {isa = PBXFileReference; lastKnownFileType = folder.assetcatalog; path = Assets.xcassets; sourceTree = "<group>"; };
		C986A41622747E53005ACAB0 /* Info.plist */ = {isa = PBXFileReference; lastKnownFileType = text.plist.xml; path = Info.plist; sourceTree = "<group>"; };
		C986A41B22747E53005ACAB0 /* CodeWalletWidgetWatch Extension.appex */ = {isa = PBXFileReference; explicitFileType = "wrapper.app-extension"; includeInIndex = 0; path = "CodeWalletWidgetWatch Extension.appex"; sourceTree = BUILT_PRODUCTS_DIR; };
		C986A42022747E53005ACAB0 /* CodeTableInterfaceController.swift */ = {isa = PBXFileReference; lastKnownFileType = sourcecode.swift; path = CodeTableInterfaceController.swift; sourceTree = "<group>"; };
		C986A42222747E53005ACAB0 /* ExtensionDelegate.swift */ = {isa = PBXFileReference; lastKnownFileType = sourcecode.swift; path = ExtensionDelegate.swift; sourceTree = "<group>"; };
		C986A42422747E53005ACAB0 /* NotificationController.swift */ = {isa = PBXFileReference; lastKnownFileType = sourcecode.swift; path = NotificationController.swift; sourceTree = "<group>"; };
		C986A42622747E53005ACAB0 /* Assets.xcassets */ = {isa = PBXFileReference; lastKnownFileType = folder.assetcatalog; path = Assets.xcassets; sourceTree = "<group>"; };
		C986A42822747E53005ACAB0 /* Info.plist */ = {isa = PBXFileReference; lastKnownFileType = text.plist.xml; path = Info.plist; sourceTree = "<group>"; };
		C986A42922747E53005ACAB0 /* PushNotificationPayload.apns */ = {isa = PBXFileReference; lastKnownFileType = text; path = PushNotificationPayload.apns; sourceTree = "<group>"; };
		C986A4362275A92A005ACAB0 /* CodeRowController.swift */ = {isa = PBXFileReference; lastKnownFileType = sourcecode.swift; path = CodeRowController.swift; sourceTree = "<group>"; };
		C986A4392275AAFD005ACAB0 /* WatchCode.swift */ = {isa = PBXFileReference; lastKnownFileType = sourcecode.swift; path = WatchCode.swift; sourceTree = "<group>"; };
		C986A43C2275AD38005ACAB0 /* CodeDetailInterfaceController.swift */ = {isa = PBXFileReference; lastKnownFileType = sourcecode.swift; path = CodeDetailInterfaceController.swift; sourceTree = "<group>"; };
		C986A43E2275B17F005ACAB0 /* ConnectivityHandler.swift */ = {isa = PBXFileReference; lastKnownFileType = sourcecode.swift; path = ConnectivityHandler.swift; sourceTree = "<group>"; };
		C998D5D8218CE1D90072F733 /* TutorialPage.swift */ = {isa = PBXFileReference; fileEncoding = 4; lastKnownFileType = sourcecode.swift; path = TutorialPage.swift; sourceTree = "<group>"; };
		C998D5D9218CE1D90072F733 /* TutorialPageViewController.swift */ = {isa = PBXFileReference; fileEncoding = 4; lastKnownFileType = sourcecode.swift; path = TutorialPageViewController.swift; sourceTree = "<group>"; };
		C998D5DA218CE1D90072F733 /* TutorialViewController.swift */ = {isa = PBXFileReference; fileEncoding = 4; lastKnownFileType = sourcecode.swift; path = TutorialViewController.swift; sourceTree = "<group>"; };
		C99B936C218B1A8A002A4FCD /* en */ = {isa = PBXFileReference; lastKnownFileType = text.plist.strings; name = en; path = en.lproj/InfoPlist.strings; sourceTree = "<group>"; };
		C99B936E218B1AF8002A4FCD /* de */ = {isa = PBXFileReference; lastKnownFileType = text.plist.strings; name = de; path = de.lproj/InfoPlist.strings; sourceTree = "<group>"; };
		C9C03A93216348DE000533CE /* CodeManager.swift */ = {isa = PBXFileReference; lastKnownFileType = sourcecode.swift; path = CodeManager.swift; sourceTree = "<group>"; };
		C9C03A96216349E8000533CE /* CodeManagerArchive.swift */ = {isa = PBXFileReference; lastKnownFileType = sourcecode.swift; path = CodeManagerArchive.swift; sourceTree = "<group>"; };
		C9C03A9921634B8F000533CE /* Utils.swift */ = {isa = PBXFileReference; lastKnownFileType = sourcecode.swift; path = Utils.swift; sourceTree = "<group>"; };
		C9C03A9E2163597D000533CE /* ScanCodeViewController.swift */ = {isa = PBXFileReference; lastKnownFileType = sourcecode.swift; path = ScanCodeViewController.swift; sourceTree = "<group>"; };
		C9C03AA22163B440000533CE /* GoogleService-Info.plist */ = {isa = PBXFileReference; fileEncoding = 4; lastKnownFileType = text.plist.xml; path = "GoogleService-Info.plist"; sourceTree = SOURCE_ROOT; };
		C9C2437A217E6D5600521005 /* RSBarcodes_Swift.framework */ = {isa = PBXFileReference; explicitFileType = wrapper.framework; path = RSBarcodes_Swift.framework; sourceTree = BUILT_PRODUCTS_DIR; };
		C9C2437C217EF45300521005 /* Pods_CodeWalletWidget.framework */ = {isa = PBXFileReference; explicitFileType = wrapper.framework; path = Pods_CodeWalletWidget.framework; sourceTree = BUILT_PRODUCTS_DIR; };
		C9C2437E217EF45700521005 /* Pods_CodeWalletWidgetTests.framework */ = {isa = PBXFileReference; explicitFileType = wrapper.framework; path = Pods_CodeWalletWidgetTests.framework; sourceTree = BUILT_PRODUCTS_DIR; };
		C9C24380217EF45A00521005 /* Pods_CodeWalletWidgetApp.framework */ = {isa = PBXFileReference; explicitFileType = wrapper.framework; path = Pods_CodeWalletWidgetApp.framework; sourceTree = BUILT_PRODUCTS_DIR; };
		C9C24382217EF45D00521005 /* Pods_CodeWalletWidgetUITests.framework */ = {isa = PBXFileReference; explicitFileType = wrapper.framework; path = Pods_CodeWalletWidgetUITests.framework; sourceTree = BUILT_PRODUCTS_DIR; };
		C9C24384217EF46000521005 /* RSBarcodes_Swift.framework */ = {isa = PBXFileReference; explicitFileType = wrapper.framework; path = RSBarcodes_Swift.framework; sourceTree = BUILT_PRODUCTS_DIR; };
		C9C24386217EF46600521005 /* nanopb.framework */ = {isa = PBXFileReference; explicitFileType = wrapper.framework; path = nanopb.framework; sourceTree = BUILT_PRODUCTS_DIR; };
		C9D2F52F2166686200D9016B /* RSBarcodes_Swift.framework */ = {isa = PBXFileReference; explicitFileType = wrapper.framework; path = RSBarcodes_Swift.framework; sourceTree = BUILT_PRODUCTS_DIR; };
		C9D2F5312166687800D9016B /* Pods_CodeWalletWidget.framework */ = {isa = PBXFileReference; explicitFileType = wrapper.framework; path = Pods_CodeWalletWidget.framework; sourceTree = BUILT_PRODUCTS_DIR; };
		C9D2F53921666B5D00D9016B /* FirebaseCore.framework */ = {isa = PBXFileReference; explicitFileType = wrapper.framework; path = FirebaseCore.framework; sourceTree = BUILT_PRODUCTS_DIR; };
		C9D2F53C2166926600D9016B /* RSBarcodes_Swift.framework */ = {isa = PBXFileReference; explicitFileType = wrapper.framework; path = RSBarcodes_Swift.framework; sourceTree = BUILT_PRODUCTS_DIR; };
		C9F014EE2180F04200EF2F5C /* FastlaneScreenshots.xctest */ = {isa = PBXFileReference; explicitFileType = wrapper.cfbundle; includeInIndex = 0; path = FastlaneScreenshots.xctest; sourceTree = BUILT_PRODUCTS_DIR; };
		C9F014F02180F04200EF2F5C /* FastlaneScreenshots.swift */ = {isa = PBXFileReference; lastKnownFileType = sourcecode.swift; path = FastlaneScreenshots.swift; sourceTree = "<group>"; };
		C9F014F22180F04200EF2F5C /* Info.plist */ = {isa = PBXFileReference; lastKnownFileType = text.plist.xml; path = Info.plist; sourceTree = "<group>"; };
		C9F014F82180F15B00EF2F5C /* SnapshotHelper.swift */ = {isa = PBXFileReference; fileEncoding = 4; lastKnownFileType = sourcecode.swift; path = SnapshotHelper.swift; sourceTree = "<group>"; };
		C9F48E762167D7FD00695393 /* Media.xcassets */ = {isa = PBXFileReference; lastKnownFileType = folder.assetcatalog; path = Media.xcassets; sourceTree = "<group>"; };
		CED17B09A0D31E96C674B8A1 /* Pods_CodeWalletWidgetApp.framework */ = {isa = PBXFileReference; explicitFileType = wrapper.framework; includeInIndex = 0; path = Pods_CodeWalletWidgetApp.framework; sourceTree = BUILT_PRODUCTS_DIR; };
		E929EB193969A628D54F9910 /* Pods-CodeWalletWidget.debug.xcconfig */ = {isa = PBXFileReference; includeInIndex = 1; lastKnownFileType = text.xcconfig; name = "Pods-CodeWalletWidget.debug.xcconfig"; path = "Pods/Target Support Files/Pods-CodeWalletWidget/Pods-CodeWalletWidget.debug.xcconfig"; sourceTree = "<group>"; };
		EFE89A4A56BC1E6A24470A9D /* Pods_CodeWalletWidgetTests.framework */ = {isa = PBXFileReference; explicitFileType = wrapper.framework; includeInIndex = 0; path = Pods_CodeWalletWidgetTests.framework; sourceTree = BUILT_PRODUCTS_DIR; };
		FD0F6D0BFA6C15B4B7815F86 /* Pods_CodeWalletWidgetUITests.framework */ = {isa = PBXFileReference; explicitFileType = wrapper.framework; includeInIndex = 0; path = Pods_CodeWalletWidgetUITests.framework; sourceTree = BUILT_PRODUCTS_DIR; };
/* End PBXFileReference section */

/* Begin PBXFrameworksBuildPhase section */
		C956DFAA215A9253005F1822 /* Frameworks */ = {
			isa = PBXFrameworksBuildPhase;
			buildActionMask = 2147483647;
			files = (
				1D87952E8DD094D22D3CA099 /* Pods_CodeWalletWidget.framework in Frameworks */,
				0C2648F766928141B4D1C709 /* Pods_CodeWalletWidgetApp.framework in Frameworks */,
			);
			runOnlyForDeploymentPostprocessing = 0;
		};
		C956DFBE215A9255005F1822 /* Frameworks */ = {
			isa = PBXFrameworksBuildPhase;
			buildActionMask = 2147483647;
			files = (
				18EC23FC12A0D2CEB642AE35 /* Pods_CodeWalletWidgetTests.framework in Frameworks */,
			);
			runOnlyForDeploymentPostprocessing = 0;
		};
		C956DFC9215A9255005F1822 /* Frameworks */ = {
			isa = PBXFrameworksBuildPhase;
			buildActionMask = 2147483647;
			files = (
				451B4012681777AD8F7D7D8E /* Pods_CodeWalletWidgetUITests.framework in Frameworks */,
			);
			runOnlyForDeploymentPostprocessing = 0;
		};
		C96B7C462166464500F9B67F /* Frameworks */ = {
			isa = PBXFrameworksBuildPhase;
			buildActionMask = 2147483647;
			files = (
				C96B7C4B2166464500F9B67F /* NotificationCenter.framework in Frameworks */,
				591A73A72E1548FCAAAD7F73 /* Pods_CodeWalletWidget.framework in Frameworks */,
			);
			runOnlyForDeploymentPostprocessing = 0;
		};
		C986A41822747E53005ACAB0 /* Frameworks */ = {
			isa = PBXFrameworksBuildPhase;
			buildActionMask = 2147483647;
			files = (
			);
			runOnlyForDeploymentPostprocessing = 0;
		};
		C9F014EB2180F04200EF2F5C /* Frameworks */ = {
			isa = PBXFrameworksBuildPhase;
			buildActionMask = 2147483647;
			files = (
			);
			runOnlyForDeploymentPostprocessing = 0;
		};
/* End PBXFrameworksBuildPhase section */

/* Begin PBXGroup section */
		5DBE81031A8BC8F8DF8D14B9 /* Frameworks */ = {
			isa = PBXGroup;
			children = (
				C9C24386217EF46600521005 /* nanopb.framework */,
				C9C24384217EF46000521005 /* RSBarcodes_Swift.framework */,
				C9C24382217EF45D00521005 /* Pods_CodeWalletWidgetUITests.framework */,
				C9C24380217EF45A00521005 /* Pods_CodeWalletWidgetApp.framework */,
				C9C2437E217EF45700521005 /* Pods_CodeWalletWidgetTests.framework */,
				C9C2437C217EF45300521005 /* Pods_CodeWalletWidget.framework */,
				C9C2437A217E6D5600521005 /* RSBarcodes_Swift.framework */,
				C90C4367217E6A4F00905AF7 /* Pods_CodeWalletWidget.framework */,
				C90C4365217E69E600905AF7 /* RSBarcodes_Swift.framework */,
				C90C4363217E69D900905AF7 /* Pods_CodeWalletWidget.framework */,
				C9D2F53C2166926600D9016B /* RSBarcodes_Swift.framework */,
				C9D2F53921666B5D00D9016B /* FirebaseCore.framework */,
				C9D2F5312166687800D9016B /* Pods_CodeWalletWidget.framework */,
				C9D2F52F2166686200D9016B /* RSBarcodes_Swift.framework */,
				9276A70E3DD90805320F0CC4 /* Pods_CodeWalletWidget.framework */,
				EFE89A4A56BC1E6A24470A9D /* Pods_CodeWalletWidgetTests.framework */,
				FD0F6D0BFA6C15B4B7815F86 /* Pods_CodeWalletWidgetUITests.framework */,
				C96B7C4A2166464500F9B67F /* NotificationCenter.framework */,
				CED17B09A0D31E96C674B8A1 /* Pods_CodeWalletWidgetApp.framework */,
			);
			name = Frameworks;
			sourceTree = "<group>";
		};
		BB55BBAB76BC985594D0F58A /* Pods */ = {
			isa = PBXGroup;
			children = (
				E929EB193969A628D54F9910 /* Pods-CodeWalletWidget.debug.xcconfig */,
				AE4FA7FDBFF263EC2DF30B9D /* Pods-CodeWalletWidget.release.xcconfig */,
				B798623A1DA2C7CF9AF94D0A /* Pods-CodeWalletWidgetTests.debug.xcconfig */,
				7ED4F22D2C2E9F3BD512C827 /* Pods-CodeWalletWidgetTests.release.xcconfig */,
				76634C023E79DFD1D6097D46 /* Pods-CodeWalletWidgetUITests.debug.xcconfig */,
				C7C9BC24AEDE8C023FCAAA78 /* Pods-CodeWalletWidgetUITests.release.xcconfig */,
				782D140A5F64AE510E8122BA /* Pods-CodeWalletWidgetApp.debug.xcconfig */,
				6F4C3165CBBC20B50E1A550A /* Pods-CodeWalletWidgetApp.release.xcconfig */,
			);
			name = Pods;
			sourceTree = "<group>";
		};
		C956DFA4215A9253005F1822 = {
			isa = PBXGroup;
			children = (
				C956DFAF215A9253005F1822 /* CodeWalletWidgetApp */,
				C956DFC4215A9255005F1822 /* CodeWalletWidgetTests */,
				C956DFCF215A9255005F1822 /* CodeWalletWidgetUITests */,
				C96B7C4C2166464500F9B67F /* CodeWalletWidget */,
				C9F014EF2180F04200EF2F5C /* FastlaneScreenshots */,
				C986A41022747E51005ACAB0 /* CodeWalletWidgetWatch */,
				C986A41F22747E53005ACAB0 /* CodeWalletWidgetWatch Extension */,
				C956DFAE215A9253005F1822 /* Products */,
				BB55BBAB76BC985594D0F58A /* Pods */,
				5DBE81031A8BC8F8DF8D14B9 /* Frameworks */,
			);
			sourceTree = "<group>";
		};
		C956DFAE215A9253005F1822 /* Products */ = {
			isa = PBXGroup;
			children = (
				C956DFAD215A9253005F1822 /* CodeWalletWidgetApp.app */,
				C956DFC1215A9255005F1822 /* CodeWalletWidgetTests.xctest */,
				C956DFCC215A9255005F1822 /* CodeWalletWidgetUITests.xctest */,
				C96B7C492166464500F9B67F /* CodeWalletWidget.appex */,
				C9F014EE2180F04200EF2F5C /* FastlaneScreenshots.xctest */,
				C986A40F22747E51005ACAB0 /* CodeWalletWidgetWatch.app */,
				C986A41B22747E53005ACAB0 /* CodeWalletWidgetWatch Extension.appex */,
			);
			name = Products;
			sourceTree = "<group>";
		};
		C956DFAF215A9253005F1822 /* CodeWalletWidgetApp */ = {
			isa = PBXGroup;
			children = (
				C96B7C5B216662E600F9B67F /* CodeWalletWidgetApp.entitlements */,
				C9C03A9821634B83000533CE /* Other */,
				C9C03A95216349D7000533CE /* Storache */,
				C956DFE1215A965D005F1822 /* Model */,
				C956DFDE215A95A3005F1822 /* UI */,
				C956DFB0215A9253005F1822 /* AppDelegate.swift */,
				C956DFB4215A9253005F1822 /* Main.storyboard */,
				C956DFB7215A9255005F1822 /* Assets.xcassets */,
				C956DFB9215A9255005F1822 /* LaunchScreen.storyboard */,
				C956DFBC215A9255005F1822 /* Info.plist */,
				C9C03AA22163B440000533CE /* GoogleService-Info.plist */,
				C96B7C392165320000F9B67F /* Keys.json */,
				C96B7C4321660DC300F9B67F /* Localizable.strings */,
				C99B936D218B1A8A002A4FCD /* InfoPlist.strings */,
			);
			path = CodeWalletWidgetApp;
			sourceTree = "<group>";
		};
		C956DFC4215A9255005F1822 /* CodeWalletWidgetTests */ = {
			isa = PBXGroup;
			children = (
				C956DFC5215A9255005F1822 /* CodeWalletWidgetTests.swift */,
				C956DFC7215A9255005F1822 /* Info.plist */,
			);
			path = CodeWalletWidgetTests;
			sourceTree = "<group>";
		};
		C956DFCF215A9255005F1822 /* CodeWalletWidgetUITests */ = {
			isa = PBXGroup;
			children = (
				C956DFD0215A9255005F1822 /* CodeWalletWidgetUITests.swift */,
				C956DFD2215A9255005F1822 /* Info.plist */,
			);
			path = CodeWalletWidgetUITests;
			sourceTree = "<group>";
		};
		C956DFDE215A95A3005F1822 /* UI */ = {
			isa = PBXGroup;
			children = (
				C998D5D7218CE18F0072F733 /* Tutorial */,
				C96B7C3B2166094200F9B67F /* SideMenu */,
				C96B7C2E2165001400F9B67F /* Settings */,
				C9C03A9D2163595E000533CE /* AddCode */,
				C956DFB2215A9253005F1822 /* CodeTableViewController.swift */,
				C956DFDF215A95C8005F1822 /* CodeTableViewCell.swift */,
				C956DFE4215A97C0005F1822 /* CodeTableViewNavigationController.swift */,
				C9473A5C2188F9E90027A85C /* CodeSettingsTableViewController.swift */,
			);
			path = UI;
			sourceTree = "<group>";
		};
		C956DFE1215A965D005F1822 /* Model */ = {
			isa = PBXGroup;
			children = (
				C9C03A92216348BA000533CE /* Singletons */,
				C956DFE2215A9673005F1822 /* Code.swift */,
				C97E68112188567200272B9F /* LocationNotification.swift */,
			);
			path = Model;
			sourceTree = "<group>";
		};
		C96B7C2E2165001400F9B67F /* Settings */ = {
			isa = PBXGroup;
			children = (
				C96B7C2F2165003100F9B67F /* SettingsTableViewController.swift */,
				C96B7C3721650ECD00F9B67F /* PrivacyPolicyViewController.swift */,
			);
			path = Settings;
			sourceTree = "<group>";
		};
		C96B7C3B2166094200F9B67F /* SideMenu */ = {
			isa = PBXGroup;
			children = (
				C96B7C3C2166094200F9B67F /* SideMenuButton.swift */,
				C96B7C3D2166094200F9B67F /* SideMenu.swift */,
			);
			path = SideMenu;
			sourceTree = "<group>";
		};
		C96B7C4C2166464500F9B67F /* CodeWalletWidget */ = {
			isa = PBXGroup;
			children = (
				C96B7C5A216661BD00F9B67F /* CodeWalletWidget.entitlements */,
				C96B7C4D2166464500F9B67F /* TodayViewController.swift */,
				C96B7C4F2166464500F9B67F /* MainInterface.storyboard */,
				C96B7C522166464500F9B67F /* Info.plist */,
				C96B7C60216665D000F9B67F /* CodeCollectionViewCell.swift */,
				C910656821674DAE00711099 /* Localizable.strings */,
				C9F48E762167D7FD00695393 /* Media.xcassets */,
			);
			path = CodeWalletWidget;
			sourceTree = "<group>";
		};
		C986A41022747E51005ACAB0 /* CodeWalletWidgetWatch */ = {
			isa = PBXGroup;
			children = (
				C986A41122747E51005ACAB0 /* Interface.storyboard */,
				C986A41422747E53005ACAB0 /* Assets.xcassets */,
				C986A41622747E53005ACAB0 /* Info.plist */,
			);
			path = CodeWalletWidgetWatch;
			sourceTree = "<group>";
		};
		C986A41F22747E53005ACAB0 /* CodeWalletWidgetWatch Extension */ = {
			isa = PBXGroup;
			children = (
				C986A4382275AAEE005ACAB0 /* Model */,
				C986A42022747E53005ACAB0 /* CodeTableInterfaceController.swift */,
				C986A42222747E53005ACAB0 /* ExtensionDelegate.swift */,
				C986A42422747E53005ACAB0 /* NotificationController.swift */,
				C986A42622747E53005ACAB0 /* Assets.xcassets */,
				C986A42822747E53005ACAB0 /* Info.plist */,
				C986A42922747E53005ACAB0 /* PushNotificationPayload.apns */,
				C986A4362275A92A005ACAB0 /* CodeRowController.swift */,
				C986A43C2275AD38005ACAB0 /* CodeDetailInterfaceController.swift */,
			);
			path = "CodeWalletWidgetWatch Extension";
			sourceTree = "<group>";
		};
		C986A4382275AAEE005ACAB0 /* Model */ = {
			isa = PBXGroup;
			children = (
				C986A4392275AAFD005ACAB0 /* WatchCode.swift */,
			);
			path = Model;
			sourceTree = "<group>";
		};
		C998D5D7218CE18F0072F733 /* Tutorial */ = {
			isa = PBXGroup;
			children = (
				C998D5D8218CE1D90072F733 /* TutorialPage.swift */,
				C998D5D9218CE1D90072F733 /* TutorialPageViewController.swift */,
				C998D5DA218CE1D90072F733 /* TutorialViewController.swift */,
			);
			path = Tutorial;
			sourceTree = "<group>";
		};
		C9C03A92216348BA000533CE /* Singletons */ = {
			isa = PBXGroup;
			children = (
				C9C03A93216348DE000533CE /* CodeManager.swift */,
				C97E681321885E6700272B9F /* LocationService.swift */,
			);
			path = Singletons;
			sourceTree = "<group>";
		};
		C9C03A95216349D7000533CE /* Storache */ = {
			isa = PBXGroup;
			children = (
				C9C03A96216349E8000533CE /* CodeManagerArchive.swift */,
				C96B7C352165042400F9B67F /* SettingsArchive.swift */,
			);
			path = Storache;
			sourceTree = "<group>";
		};
		C9C03A9821634B83000533CE /* Other */ = {
			isa = PBXGroup;
			children = (
				C9C03A9921634B8F000533CE /* Utils.swift */,
				C96B7C31216503BC00F9B67F /* Settings.swift */,
				C96B7C33216503F300F9B67F /* Themes.swift */,
				C92BCF8021675134004BDAEC /* CoreExtensions.swift */,
				C986A43E2275B17F005ACAB0 /* ConnectivityHandler.swift */,
			);
			path = Other;
			sourceTree = "<group>";
		};
		C9C03A9D2163595E000533CE /* AddCode */ = {
			isa = PBXGroup;
			children = (
				C956DFE6215AA0F3005F1822 /* AddCodeViewController.swift */,
				C9C03A9E2163597D000533CE /* ScanCodeViewController.swift */,
				C97F6E8F21D520BD0076881C /* BarcodeInfoPanel.swift */,
			);
			path = AddCode;
			sourceTree = "<group>";
		};
		C9F014EF2180F04200EF2F5C /* FastlaneScreenshots */ = {
			isa = PBXGroup;
			children = (
				C9F014F82180F15B00EF2F5C /* SnapshotHelper.swift */,
				C9F014F02180F04200EF2F5C /* FastlaneScreenshots.swift */,
				C9F014F22180F04200EF2F5C /* Info.plist */,
				C9182BBA2180F48200B5872A /* Utils.swift */,
			);
			path = FastlaneScreenshots;
			sourceTree = "<group>";
		};
/* End PBXGroup section */

/* Begin PBXNativeTarget section */
		C956DFAC215A9253005F1822 /* CodeWalletWidgetApp */ = {
			isa = PBXNativeTarget;
			buildConfigurationList = C956DFD5215A9255005F1822 /* Build configuration list for PBXNativeTarget "CodeWalletWidgetApp" */;
			buildPhases = (
				6A21F77A56705282B51F0DA0 /* [CP] Check Pods Manifest.lock */,
				C956DFA9215A9253005F1822 /* Sources */,
				C956DFAA215A9253005F1822 /* Frameworks */,
				C956DFAB215A9253005F1822 /* Resources */,
				22CC5DBD7C6BCD94AE918EF5 /* [CP] Embed Pods Frameworks */,
				C96B7C592166464500F9B67F /* Embed App Extensions */,
				C986A43422747E53005ACAB0 /* Embed Watch Content */,
			);
			buildRules = (
			);
			dependencies = (
				C96B7C542166464500F9B67F /* PBXTargetDependency */,
				C986A42B22747E53005ACAB0 /* PBXTargetDependency */,
			);
			name = CodeWalletWidgetApp;
			productName = CodeWalletWidget;
			productReference = C956DFAD215A9253005F1822 /* CodeWalletWidgetApp.app */;
			productType = "com.apple.product-type.application";
		};
		C956DFC0215A9255005F1822 /* CodeWalletWidgetTests */ = {
			isa = PBXNativeTarget;
			buildConfigurationList = C956DFD8215A9255005F1822 /* Build configuration list for PBXNativeTarget "CodeWalletWidgetTests" */;
			buildPhases = (
				AA54B6019D6ABCBD170D84E0 /* [CP] Check Pods Manifest.lock */,
				C956DFBD215A9255005F1822 /* Sources */,
				C956DFBE215A9255005F1822 /* Frameworks */,
				C956DFBF215A9255005F1822 /* Resources */,
			);
			buildRules = (
			);
			dependencies = (
				C956DFC3215A9255005F1822 /* PBXTargetDependency */,
			);
			name = CodeWalletWidgetTests;
			productName = CodeWalletWidgetTests;
			productReference = C956DFC1215A9255005F1822 /* CodeWalletWidgetTests.xctest */;
			productType = "com.apple.product-type.bundle.unit-test";
		};
		C956DFCB215A9255005F1822 /* CodeWalletWidgetUITests */ = {
			isa = PBXNativeTarget;
			buildConfigurationList = C956DFDB215A9255005F1822 /* Build configuration list for PBXNativeTarget "CodeWalletWidgetUITests" */;
			buildPhases = (
				01B748FA1E78BD9B273FEB39 /* [CP] Check Pods Manifest.lock */,
				C956DFC8215A9255005F1822 /* Sources */,
				C956DFC9215A9255005F1822 /* Frameworks */,
				C956DFCA215A9255005F1822 /* Resources */,
			);
			buildRules = (
			);
			dependencies = (
				C956DFCE215A9255005F1822 /* PBXTargetDependency */,
			);
			name = CodeWalletWidgetUITests;
			productName = CodeWalletWidgetUITests;
			productReference = C956DFCC215A9255005F1822 /* CodeWalletWidgetUITests.xctest */;
			productType = "com.apple.product-type.bundle.ui-testing";
		};
		C96B7C482166464500F9B67F /* CodeWalletWidget */ = {
			isa = PBXNativeTarget;
			buildConfigurationList = C96B7C562166464500F9B67F /* Build configuration list for PBXNativeTarget "CodeWalletWidget" */;
			buildPhases = (
				64E7D5E12DD7370290A39B12 /* [CP] Check Pods Manifest.lock */,
				C96B7C452166464500F9B67F /* Sources */,
				C96B7C462166464500F9B67F /* Frameworks */,
				C96B7C472166464500F9B67F /* Resources */,
			);
			buildRules = (
			);
			dependencies = (
			);
			name = CodeWalletWidget;
			productName = TodayExtension;
			productReference = C96B7C492166464500F9B67F /* CodeWalletWidget.appex */;
			productType = "com.apple.product-type.app-extension";
		};
		C986A40E22747E51005ACAB0 /* CodeWalletWidgetWatch */ = {
			isa = PBXNativeTarget;
			buildConfigurationList = C986A43322747E53005ACAB0 /* Build configuration list for PBXNativeTarget "CodeWalletWidgetWatch" */;
			buildPhases = (
				C986A40D22747E51005ACAB0 /* Resources */,
				C986A43222747E53005ACAB0 /* Embed App Extensions */,
			);
			buildRules = (
			);
			dependencies = (
				C986A41E22747E53005ACAB0 /* PBXTargetDependency */,
			);
			name = CodeWalletWidgetWatch;
			productName = CodeWalletWidgetWatch;
			productReference = C986A40F22747E51005ACAB0 /* CodeWalletWidgetWatch.app */;
			productType = "com.apple.product-type.application.watchapp2";
		};
		C986A41A22747E53005ACAB0 /* CodeWalletWidgetWatch Extension */ = {
			isa = PBXNativeTarget;
			buildConfigurationList = C986A43122747E53005ACAB0 /* Build configuration list for PBXNativeTarget "CodeWalletWidgetWatch Extension" */;
			buildPhases = (
				C986A41722747E53005ACAB0 /* Sources */,
				C986A41822747E53005ACAB0 /* Frameworks */,
				C986A41922747E53005ACAB0 /* Resources */,
			);
			buildRules = (
			);
			dependencies = (
			);
			name = "CodeWalletWidgetWatch Extension";
			productName = "CodeWalletWidgetWatch Extension";
			productReference = C986A41B22747E53005ACAB0 /* CodeWalletWidgetWatch Extension.appex */;
			productType = "com.apple.product-type.watchkit2-extension";
		};
		C9F014ED2180F04200EF2F5C /* FastlaneScreenshots */ = {
			isa = PBXNativeTarget;
			buildConfigurationList = C9F014F72180F04200EF2F5C /* Build configuration list for PBXNativeTarget "FastlaneScreenshots" */;
			buildPhases = (
				C9F014EA2180F04200EF2F5C /* Sources */,
				C9F014EB2180F04200EF2F5C /* Frameworks */,
				C9F014EC2180F04200EF2F5C /* Resources */,
			);
			buildRules = (
			);
			dependencies = (
				C9F014F42180F04200EF2F5C /* PBXTargetDependency */,
			);
			name = FastlaneScreenshots;
			productName = FastlaneScreenshots;
			productReference = C9F014EE2180F04200EF2F5C /* FastlaneScreenshots.xctest */;
			productType = "com.apple.product-type.bundle.ui-testing";
		};
/* End PBXNativeTarget section */

/* Begin PBXProject section */
		C956DFA5215A9253005F1822 /* Project object */ = {
			isa = PBXProject;
			attributes = {
				LastSwiftUpdateCheck = 1010;
				LastUpgradeCheck = 1000;
				ORGANIZATIONNAME = "Alexander Schulz";
				TargetAttributes = {
					C956DFAC215A9253005F1822 = {
						CreatedOnToolsVersion = 10.0;
						SystemCapabilities = {
							com.apple.ApplicationGroups.iOS = {
								enabled = 1;
							};
							com.apple.BackgroundModes = {
								enabled = 0;
							};
						};
					};
					C956DFC0215A9255005F1822 = {
						CreatedOnToolsVersion = 10.0;
						TestTargetID = C956DFAC215A9253005F1822;
					};
					C956DFCB215A9255005F1822 = {
						CreatedOnToolsVersion = 10.0;
						TestTargetID = C956DFAC215A9253005F1822;
					};
					C96B7C482166464500F9B67F = {
						CreatedOnToolsVersion = 10.0;
						SystemCapabilities = {
							com.apple.ApplicationGroups.iOS = {
								enabled = 1;
							};
						};
					};
					C986A40E22747E51005ACAB0 = {
						CreatedOnToolsVersion = 10.1;
					};
					C986A41A22747E53005ACAB0 = {
						CreatedOnToolsVersion = 10.1;
					};
					C9F014ED2180F04200EF2F5C = {
						CreatedOnToolsVersion = 10.0;
						TestTargetID = C956DFAC215A9253005F1822;
					};
				};
			};
			buildConfigurationList = C956DFA8215A9253005F1822 /* Build configuration list for PBXProject "CodeWalletWidget" */;
			compatibilityVersion = "Xcode 9.3";
			developmentRegion = en;
			hasScannedForEncodings = 0;
			knownRegions = (
				en,
				Base,
				de,
			);
			mainGroup = C956DFA4215A9253005F1822;
			productRefGroup = C956DFAE215A9253005F1822 /* Products */;
			projectDirPath = "";
			projectRoot = "";
			targets = (
				C956DFAC215A9253005F1822 /* CodeWalletWidgetApp */,
				C956DFC0215A9255005F1822 /* CodeWalletWidgetTests */,
				C956DFCB215A9255005F1822 /* CodeWalletWidgetUITests */,
				C96B7C482166464500F9B67F /* CodeWalletWidget */,
				C9F014ED2180F04200EF2F5C /* FastlaneScreenshots */,
				C986A40E22747E51005ACAB0 /* CodeWalletWidgetWatch */,
				C986A41A22747E53005ACAB0 /* CodeWalletWidgetWatch Extension */,
			);
		};
/* End PBXProject section */

/* Begin PBXResourcesBuildPhase section */
		C956DFAB215A9253005F1822 /* Resources */ = {
			isa = PBXResourcesBuildPhase;
			buildActionMask = 2147483647;
			files = (
				C956DFBB215A9255005F1822 /* LaunchScreen.storyboard in Resources */,
				C96B7C4121660DC300F9B67F /* Localizable.strings in Resources */,
				C99B936B218B1A8A002A4FCD /* InfoPlist.strings in Resources */,
				C9C03AA32163B440000533CE /* GoogleService-Info.plist in Resources */,
				C956DFB8215A9255005F1822 /* Assets.xcassets in Resources */,
				C956DFB6215A9253005F1822 /* Main.storyboard in Resources */,
				C96B7C3A2165320000F9B67F /* Keys.json in Resources */,
			);
			runOnlyForDeploymentPostprocessing = 0;
		};
		C956DFBF215A9255005F1822 /* Resources */ = {
			isa = PBXResourcesBuildPhase;
			buildActionMask = 2147483647;
			files = (
			);
			runOnlyForDeploymentPostprocessing = 0;
		};
		C956DFCA215A9255005F1822 /* Resources */ = {
			isa = PBXResourcesBuildPhase;
			buildActionMask = 2147483647;
			files = (
			);
			runOnlyForDeploymentPostprocessing = 0;
		};
		C96B7C472166464500F9B67F /* Resources */ = {
			isa = PBXResourcesBuildPhase;
			buildActionMask = 2147483647;
			files = (
				C96B7C512166464500F9B67F /* MainInterface.storyboard in Resources */,
				C9F48E772167D7FD00695393 /* Media.xcassets in Resources */,
				C910656921674DAF00711099 /* Localizable.strings in Resources */,
			);
			runOnlyForDeploymentPostprocessing = 0;
		};
		C986A40D22747E51005ACAB0 /* Resources */ = {
			isa = PBXResourcesBuildPhase;
			buildActionMask = 2147483647;
			files = (
				C986A41522747E53005ACAB0 /* Assets.xcassets in Resources */,
				C986A41322747E51005ACAB0 /* Interface.storyboard in Resources */,
			);
			runOnlyForDeploymentPostprocessing = 0;
		};
		C986A41922747E53005ACAB0 /* Resources */ = {
			isa = PBXResourcesBuildPhase;
			buildActionMask = 2147483647;
			files = (
				C986A42722747E53005ACAB0 /* Assets.xcassets in Resources */,
			);
			runOnlyForDeploymentPostprocessing = 0;
		};
		C9F014EC2180F04200EF2F5C /* Resources */ = {
			isa = PBXResourcesBuildPhase;
			buildActionMask = 2147483647;
			files = (
			);
			runOnlyForDeploymentPostprocessing = 0;
		};
/* End PBXResourcesBuildPhase section */

/* Begin PBXShellScriptBuildPhase section */
		01B748FA1E78BD9B273FEB39 /* [CP] Check Pods Manifest.lock */ = {
			isa = PBXShellScriptBuildPhase;
			buildActionMask = 2147483647;
			files = (
			);
			inputPaths = (
				"${PODS_PODFILE_DIR_PATH}/Podfile.lock",
				"${PODS_ROOT}/Manifest.lock",
			);
			name = "[CP] Check Pods Manifest.lock";
			outputPaths = (
				"$(DERIVED_FILE_DIR)/Pods-CodeWalletWidgetUITests-checkManifestLockResult.txt",
			);
			runOnlyForDeploymentPostprocessing = 0;
			shellPath = /bin/sh;
			shellScript = "diff \"${PODS_PODFILE_DIR_PATH}/Podfile.lock\" \"${PODS_ROOT}/Manifest.lock\" > /dev/null\nif [ $? != 0 ] ; then\n    # print error to STDERR\n    echo \"error: The sandbox is not in sync with the Podfile.lock. Run 'pod install' or update your CocoaPods installation.\" >&2\n    exit 1\nfi\n# This output is used by Xcode 'outputs' to avoid re-running this script phase.\necho \"SUCCESS\" > \"${SCRIPT_OUTPUT_FILE_0}\"\n";
			showEnvVarsInLog = 0;
		};
		22CC5DBD7C6BCD94AE918EF5 /* [CP] Embed Pods Frameworks */ = {
			isa = PBXShellScriptBuildPhase;
			buildActionMask = 2147483647;
			files = (
			);
			inputPaths = (
				"${SRCROOT}/Pods/Target Support Files/Pods-CodeWalletWidgetApp/Pods-CodeWalletWidgetApp-frameworks.sh",
				"${BUILT_PRODUCTS_DIR}/GoogleUtilities/GoogleUtilities.framework",
				"${BUILT_PRODUCTS_DIR}/RSBarcodes_Swift/RSBarcodes_Swift.framework",
				"${BUILT_PRODUCTS_DIR}/nanopb/nanopb.framework",
			);
			name = "[CP] Embed Pods Frameworks";
			outputPaths = (
				"${TARGET_BUILD_DIR}/${FRAMEWORKS_FOLDER_PATH}/GoogleUtilities.framework",
				"${TARGET_BUILD_DIR}/${FRAMEWORKS_FOLDER_PATH}/RSBarcodes_Swift.framework",
				"${TARGET_BUILD_DIR}/${FRAMEWORKS_FOLDER_PATH}/nanopb.framework",
			);
			runOnlyForDeploymentPostprocessing = 0;
			shellPath = /bin/sh;
			shellScript = "\"${SRCROOT}/Pods/Target Support Files/Pods-CodeWalletWidgetApp/Pods-CodeWalletWidgetApp-frameworks.sh\"\n";
			showEnvVarsInLog = 0;
		};
		64E7D5E12DD7370290A39B12 /* [CP] Check Pods Manifest.lock */ = {
			isa = PBXShellScriptBuildPhase;
			buildActionMask = 2147483647;
			files = (
			);
			inputPaths = (
				"${PODS_PODFILE_DIR_PATH}/Podfile.lock",
				"${PODS_ROOT}/Manifest.lock",
			);
			name = "[CP] Check Pods Manifest.lock";
			outputPaths = (
				"$(DERIVED_FILE_DIR)/Pods-CodeWalletWidget-checkManifestLockResult.txt",
			);
			runOnlyForDeploymentPostprocessing = 0;
			shellPath = /bin/sh;
			shellScript = "diff \"${PODS_PODFILE_DIR_PATH}/Podfile.lock\" \"${PODS_ROOT}/Manifest.lock\" > /dev/null\nif [ $? != 0 ] ; then\n    # print error to STDERR\n    echo \"error: The sandbox is not in sync with the Podfile.lock. Run 'pod install' or update your CocoaPods installation.\" >&2\n    exit 1\nfi\n# This output is used by Xcode 'outputs' to avoid re-running this script phase.\necho \"SUCCESS\" > \"${SCRIPT_OUTPUT_FILE_0}\"\n";
			showEnvVarsInLog = 0;
		};
		6A21F77A56705282B51F0DA0 /* [CP] Check Pods Manifest.lock */ = {
			isa = PBXShellScriptBuildPhase;
			buildActionMask = 2147483647;
			files = (
			);
			inputPaths = (
				"${PODS_PODFILE_DIR_PATH}/Podfile.lock",
				"${PODS_ROOT}/Manifest.lock",
			);
			name = "[CP] Check Pods Manifest.lock";
			outputPaths = (
				"$(DERIVED_FILE_DIR)/Pods-CodeWalletWidgetApp-checkManifestLockResult.txt",
			);
			runOnlyForDeploymentPostprocessing = 0;
			shellPath = /bin/sh;
			shellScript = "diff \"${PODS_PODFILE_DIR_PATH}/Podfile.lock\" \"${PODS_ROOT}/Manifest.lock\" > /dev/null\nif [ $? != 0 ] ; then\n    # print error to STDERR\n    echo \"error: The sandbox is not in sync with the Podfile.lock. Run 'pod install' or update your CocoaPods installation.\" >&2\n    exit 1\nfi\n# This output is used by Xcode 'outputs' to avoid re-running this script phase.\necho \"SUCCESS\" > \"${SCRIPT_OUTPUT_FILE_0}\"\n";
			showEnvVarsInLog = 0;
		};
		AA54B6019D6ABCBD170D84E0 /* [CP] Check Pods Manifest.lock */ = {
			isa = PBXShellScriptBuildPhase;
			buildActionMask = 2147483647;
			files = (
			);
			inputPaths = (
				"${PODS_PODFILE_DIR_PATH}/Podfile.lock",
				"${PODS_ROOT}/Manifest.lock",
			);
			name = "[CP] Check Pods Manifest.lock";
			outputPaths = (
				"$(DERIVED_FILE_DIR)/Pods-CodeWalletWidgetTests-checkManifestLockResult.txt",
			);
			runOnlyForDeploymentPostprocessing = 0;
			shellPath = /bin/sh;
			shellScript = "diff \"${PODS_PODFILE_DIR_PATH}/Podfile.lock\" \"${PODS_ROOT}/Manifest.lock\" > /dev/null\nif [ $? != 0 ] ; then\n    # print error to STDERR\n    echo \"error: The sandbox is not in sync with the Podfile.lock. Run 'pod install' or update your CocoaPods installation.\" >&2\n    exit 1\nfi\n# This output is used by Xcode 'outputs' to avoid re-running this script phase.\necho \"SUCCESS\" > \"${SCRIPT_OUTPUT_FILE_0}\"\n";
			showEnvVarsInLog = 0;
		};
/* End PBXShellScriptBuildPhase section */

/* Begin PBXSourcesBuildPhase section */
		C956DFA9215A9253005F1822 /* Sources */ = {
			isa = PBXSourcesBuildPhase;
			buildActionMask = 2147483647;
			files = (
				C986A4402275B3A3005ACAB0 /* WatchCode.swift in Sources */,
				C9C03A94216348DE000533CE /* CodeManager.swift in Sources */,
				C956DFE5215A97C0005F1822 /* CodeTableViewNavigationController.swift in Sources */,
				C998D5DB218CE1D90072F733 /* TutorialPage.swift in Sources */,
				C97E681421885E6700272B9F /* LocationService.swift in Sources */,
				C9C03A9F2163597D000533CE /* ScanCodeViewController.swift in Sources */,
				C96B7C302165003100F9B67F /* SettingsTableViewController.swift in Sources */,
				C92BCF8121675134004BDAEC /* CoreExtensions.swift in Sources */,
				C9C03A9A21634B8F000533CE /* Utils.swift in Sources */,
				C96B7C3E2166094200F9B67F /* SideMenuButton.swift in Sources */,
				C956DFE7215AA0F3005F1822 /* AddCodeViewController.swift in Sources */,
				C998D5DD218CE1D90072F733 /* TutorialViewController.swift in Sources */,
				C998D5DC218CE1D90072F733 /* TutorialPageViewController.swift in Sources */,
				C96B7C32216503BC00F9B67F /* Settings.swift in Sources */,
				C96B7C3F2166094200F9B67F /* SideMenu.swift in Sources */,
				C9C03A97216349E8000533CE /* CodeManagerArchive.swift in Sources */,
				C96B7C34216503F300F9B67F /* Themes.swift in Sources */,
				C97E68122188567200272B9F /* LocationNotification.swift in Sources */,
				C956DFE3215A9673005F1822 /* Code.swift in Sources */,
				C956DFE0215A95C8005F1822 /* CodeTableViewCell.swift in Sources */,
				C956DFB3215A9253005F1822 /* CodeTableViewController.swift in Sources */,
				C9473A5D2188F9E90027A85C /* CodeSettingsTableViewController.swift in Sources */,
				C96B7C3821650ECD00F9B67F /* PrivacyPolicyViewController.swift in Sources */,
				C97F6E9021D520BD0076881C /* BarcodeInfoPanel.swift in Sources */,
				C956DFB1215A9253005F1822 /* AppDelegate.swift in Sources */,
				C96B7C362165042400F9B67F /* SettingsArchive.swift in Sources */,
				C986A43F2275B17F005ACAB0 /* ConnectivityHandler.swift in Sources */,
			);
			runOnlyForDeploymentPostprocessing = 0;
		};
		C956DFBD215A9255005F1822 /* Sources */ = {
			isa = PBXSourcesBuildPhase;
			buildActionMask = 2147483647;
			files = (
				C956DFC6215A9255005F1822 /* CodeWalletWidgetTests.swift in Sources */,
			);
			runOnlyForDeploymentPostprocessing = 0;
		};
		C956DFC8215A9255005F1822 /* Sources */ = {
			isa = PBXSourcesBuildPhase;
			buildActionMask = 2147483647;
			files = (
				C956DFD1215A9255005F1822 /* CodeWalletWidgetUITests.swift in Sources */,
			);
			runOnlyForDeploymentPostprocessing = 0;
		};
		C96B7C452166464500F9B67F /* Sources */ = {
			isa = PBXSourcesBuildPhase;
			buildActionMask = 2147483647;
			files = (
				C998D5D5218C4FEB0072F733 /* LocationNotification.swift in Sources */,
				C9473A5B21888EC90027A85C /* LocationService.swift in Sources */,
				C9D2F53B2166923D00D9016B /* Utils.swift in Sources */,
				C96B7C642166676900F9B67F /* Code.swift in Sources */,
				C90D4F4C219B5F2A00ABF9FC /* Settings.swift in Sources */,
				C90D4F4D219B5F6100ABF9FC /* Themes.swift in Sources */,
				C96B7C632166676900F9B67F /* CodeManager.swift in Sources */,
				C96B7C622166676900F9B67F /* CodeManagerArchive.swift in Sources */,
				C96B7C4E2166464500F9B67F /* TodayViewController.swift in Sources */,
				C96B7C61216665D000F9B67F /* CodeCollectionViewCell.swift in Sources */,
				C92BCF8221675134004BDAEC /* CoreExtensions.swift in Sources */,
			);
			runOnlyForDeploymentPostprocessing = 0;
		};
		C986A41722747E53005ACAB0 /* Sources */ = {
			isa = PBXSourcesBuildPhase;
			buildActionMask = 2147483647;
			files = (
				C986A4372275A92A005ACAB0 /* CodeRowController.swift in Sources */,
				C986A43D2275AD38005ACAB0 /* CodeDetailInterfaceController.swift in Sources */,
				C986A42522747E53005ACAB0 /* NotificationController.swift in Sources */,
				C986A43A2275AAFD005ACAB0 /* WatchCode.swift in Sources */,
				C986A42322747E53005ACAB0 /* ExtensionDelegate.swift in Sources */,
				C986A42122747E53005ACAB0 /* CodeTableInterfaceController.swift in Sources */,
			);
			runOnlyForDeploymentPostprocessing = 0;
		};
		C9F014EA2180F04200EF2F5C /* Sources */ = {
			isa = PBXSourcesBuildPhase;
			buildActionMask = 2147483647;
			files = (
				C93433D9218B278700C2B966 /* LocationService.swift in Sources */,
				C93433D8218B273900C2B966 /* LocationNotification.swift in Sources */,
				C9182BB92180F47700B5872A /* CodeManagerArchive.swift in Sources */,
				C9182BB72180F42300B5872A /* CodeManager.swift in Sources */,
				C9182BB82180F42300B5872A /* Code.swift in Sources */,
				C9F014F12180F04200EF2F5C /* FastlaneScreenshots.swift in Sources */,
				C9F014F92180F15B00EF2F5C /* SnapshotHelper.swift in Sources */,
				C9182BBB2180F48200B5872A /* Utils.swift in Sources */,
			);
			runOnlyForDeploymentPostprocessing = 0;
		};
/* End PBXSourcesBuildPhase section */

/* Begin PBXTargetDependency section */
		C956DFC3215A9255005F1822 /* PBXTargetDependency */ = {
			isa = PBXTargetDependency;
			target = C956DFAC215A9253005F1822 /* CodeWalletWidgetApp */;
			targetProxy = C956DFC2215A9255005F1822 /* PBXContainerItemProxy */;
		};
		C956DFCE215A9255005F1822 /* PBXTargetDependency */ = {
			isa = PBXTargetDependency;
			target = C956DFAC215A9253005F1822 /* CodeWalletWidgetApp */;
			targetProxy = C956DFCD215A9255005F1822 /* PBXContainerItemProxy */;
		};
		C96B7C542166464500F9B67F /* PBXTargetDependency */ = {
			isa = PBXTargetDependency;
			target = C96B7C482166464500F9B67F /* CodeWalletWidget */;
			targetProxy = C96B7C532166464500F9B67F /* PBXContainerItemProxy */;
		};
		C986A41E22747E53005ACAB0 /* PBXTargetDependency */ = {
			isa = PBXTargetDependency;
			target = C986A41A22747E53005ACAB0 /* CodeWalletWidgetWatch Extension */;
			targetProxy = C986A41D22747E53005ACAB0 /* PBXContainerItemProxy */;
		};
		C986A42B22747E53005ACAB0 /* PBXTargetDependency */ = {
			isa = PBXTargetDependency;
			target = C986A40E22747E51005ACAB0 /* CodeWalletWidgetWatch */;
			targetProxy = C986A42A22747E53005ACAB0 /* PBXContainerItemProxy */;
		};
		C9F014F42180F04200EF2F5C /* PBXTargetDependency */ = {
			isa = PBXTargetDependency;
			target = C956DFAC215A9253005F1822 /* CodeWalletWidgetApp */;
			targetProxy = C9F014F32180F04200EF2F5C /* PBXContainerItemProxy */;
		};
/* End PBXTargetDependency section */

/* Begin PBXVariantGroup section */
		C956DFB4215A9253005F1822 /* Main.storyboard */ = {
			isa = PBXVariantGroup;
			children = (
				C956DFB5215A9253005F1822 /* Base */,
				C96B7C4021660CDD00F9B67F /* de */,
			);
			name = Main.storyboard;
			sourceTree = "<group>";
		};
		C956DFB9215A9255005F1822 /* LaunchScreen.storyboard */ = {
			isa = PBXVariantGroup;
			children = (
				C956DFBA215A9255005F1822 /* Base */,
			);
			name = LaunchScreen.storyboard;
			sourceTree = "<group>";
		};
		C96B7C4321660DC300F9B67F /* Localizable.strings */ = {
			isa = PBXVariantGroup;
			children = (
				C96B7C4221660DC300F9B67F /* de */,
				C96B7C4421660DF500F9B67F /* en */,
			);
			name = Localizable.strings;
			sourceTree = "<group>";
		};
		C96B7C4F2166464500F9B67F /* MainInterface.storyboard */ = {
			isa = PBXVariantGroup;
			children = (
				C96B7C502166464500F9B67F /* Base */,
			);
			name = MainInterface.storyboard;
			sourceTree = "<group>";
		};
		C986A41122747E51005ACAB0 /* Interface.storyboard */ = {
			isa = PBXVariantGroup;
			children = (
				C986A41222747E51005ACAB0 /* Base */,
			);
			name = Interface.storyboard;
			sourceTree = "<group>";
		};
		C99B936D218B1A8A002A4FCD /* InfoPlist.strings */ = {
			isa = PBXVariantGroup;
			children = (
				C99B936C218B1A8A002A4FCD /* en */,
				C99B936E218B1AF8002A4FCD /* de */,
			);
			name = InfoPlist.strings;
			sourceTree = "<group>";
		};
/* End PBXVariantGroup section */

/* Begin XCBuildConfiguration section */
		C956DFD3215A9255005F1822 /* Debug */ = {
			isa = XCBuildConfiguration;
			buildSettings = {
				ALWAYS_SEARCH_USER_PATHS = NO;
				CLANG_ANALYZER_LOCALIZABILITY_NONLOCALIZED = YES;
				CLANG_ANALYZER_NONNULL = YES;
				CLANG_ANALYZER_NUMBER_OBJECT_CONVERSION = YES_AGGRESSIVE;
				CLANG_CXX_LANGUAGE_STANDARD = "gnu++14";
				CLANG_CXX_LIBRARY = "libc++";
				CLANG_ENABLE_MODULES = YES;
				CLANG_ENABLE_OBJC_ARC = YES;
				CLANG_ENABLE_OBJC_WEAK = YES;
				CLANG_WARN_BLOCK_CAPTURE_AUTORELEASING = YES;
				CLANG_WARN_BOOL_CONVERSION = YES;
				CLANG_WARN_COMMA = YES;
				CLANG_WARN_CONSTANT_CONVERSION = YES;
				CLANG_WARN_DEPRECATED_OBJC_IMPLEMENTATIONS = YES;
				CLANG_WARN_DIRECT_OBJC_ISA_USAGE = YES_ERROR;
				CLANG_WARN_DOCUMENTATION_COMMENTS = YES;
				CLANG_WARN_EMPTY_BODY = YES;
				CLANG_WARN_ENUM_CONVERSION = YES;
				CLANG_WARN_INFINITE_RECURSION = YES;
				CLANG_WARN_INT_CONVERSION = YES;
				CLANG_WARN_NON_LITERAL_NULL_CONVERSION = YES;
				CLANG_WARN_OBJC_IMPLICIT_RETAIN_SELF = YES;
				CLANG_WARN_OBJC_LITERAL_CONVERSION = YES;
				CLANG_WARN_OBJC_ROOT_CLASS = YES_ERROR;
				CLANG_WARN_RANGE_LOOP_ANALYSIS = YES;
				CLANG_WARN_STRICT_PROTOTYPES = YES;
				CLANG_WARN_SUSPICIOUS_MOVE = YES;
				CLANG_WARN_UNGUARDED_AVAILABILITY = YES_AGGRESSIVE;
				CLANG_WARN_UNREACHABLE_CODE = YES;
				CLANG_WARN__DUPLICATE_METHOD_MATCH = YES;
				CODE_SIGN_IDENTITY = "iPhone Developer";
				COPY_PHASE_STRIP = NO;
				DEBUG_INFORMATION_FORMAT = dwarf;
				ENABLE_STRICT_OBJC_MSGSEND = YES;
				ENABLE_TESTABILITY = YES;
				GCC_C_LANGUAGE_STANDARD = gnu11;
				GCC_DYNAMIC_NO_PIC = NO;
				GCC_NO_COMMON_BLOCKS = YES;
				GCC_OPTIMIZATION_LEVEL = 0;
				GCC_PREPROCESSOR_DEFINITIONS = (
					"DEBUG=1",
					"$(inherited)",
				);
				GCC_WARN_64_TO_32_BIT_CONVERSION = YES;
				GCC_WARN_ABOUT_RETURN_TYPE = YES_ERROR;
				GCC_WARN_UNDECLARED_SELECTOR = YES;
				GCC_WARN_UNINITIALIZED_AUTOS = YES_AGGRESSIVE;
				GCC_WARN_UNUSED_FUNCTION = YES;
				GCC_WARN_UNUSED_VARIABLE = YES;
				IPHONEOS_DEPLOYMENT_TARGET = 10.2;
				MTL_ENABLE_DEBUG_INFO = INCLUDE_SOURCE;
				MTL_FAST_MATH = YES;
				ONLY_ACTIVE_ARCH = YES;
				SDKROOT = iphoneos;
				SWIFT_ACTIVE_COMPILATION_CONDITIONS = DEBUG;
				SWIFT_OPTIMIZATION_LEVEL = "-Onone";
			};
			name = Debug;
		};
		C956DFD4215A9255005F1822 /* Release */ = {
			isa = XCBuildConfiguration;
			buildSettings = {
				ALWAYS_SEARCH_USER_PATHS = NO;
				CLANG_ANALYZER_LOCALIZABILITY_NONLOCALIZED = YES;
				CLANG_ANALYZER_NONNULL = YES;
				CLANG_ANALYZER_NUMBER_OBJECT_CONVERSION = YES_AGGRESSIVE;
				CLANG_CXX_LANGUAGE_STANDARD = "gnu++14";
				CLANG_CXX_LIBRARY = "libc++";
				CLANG_ENABLE_MODULES = YES;
				CLANG_ENABLE_OBJC_ARC = YES;
				CLANG_ENABLE_OBJC_WEAK = YES;
				CLANG_WARN_BLOCK_CAPTURE_AUTORELEASING = YES;
				CLANG_WARN_BOOL_CONVERSION = YES;
				CLANG_WARN_COMMA = YES;
				CLANG_WARN_CONSTANT_CONVERSION = YES;
				CLANG_WARN_DEPRECATED_OBJC_IMPLEMENTATIONS = YES;
				CLANG_WARN_DIRECT_OBJC_ISA_USAGE = YES_ERROR;
				CLANG_WARN_DOCUMENTATION_COMMENTS = YES;
				CLANG_WARN_EMPTY_BODY = YES;
				CLANG_WARN_ENUM_CONVERSION = YES;
				CLANG_WARN_INFINITE_RECURSION = YES;
				CLANG_WARN_INT_CONVERSION = YES;
				CLANG_WARN_NON_LITERAL_NULL_CONVERSION = YES;
				CLANG_WARN_OBJC_IMPLICIT_RETAIN_SELF = YES;
				CLANG_WARN_OBJC_LITERAL_CONVERSION = YES;
				CLANG_WARN_OBJC_ROOT_CLASS = YES_ERROR;
				CLANG_WARN_RANGE_LOOP_ANALYSIS = YES;
				CLANG_WARN_STRICT_PROTOTYPES = YES;
				CLANG_WARN_SUSPICIOUS_MOVE = YES;
				CLANG_WARN_UNGUARDED_AVAILABILITY = YES_AGGRESSIVE;
				CLANG_WARN_UNREACHABLE_CODE = YES;
				CLANG_WARN__DUPLICATE_METHOD_MATCH = YES;
				CODE_SIGN_IDENTITY = "iPhone Developer";
				COPY_PHASE_STRIP = NO;
				DEBUG_INFORMATION_FORMAT = "dwarf-with-dsym";
				ENABLE_NS_ASSERTIONS = NO;
				ENABLE_STRICT_OBJC_MSGSEND = YES;
				GCC_C_LANGUAGE_STANDARD = gnu11;
				GCC_NO_COMMON_BLOCKS = YES;
				GCC_WARN_64_TO_32_BIT_CONVERSION = YES;
				GCC_WARN_ABOUT_RETURN_TYPE = YES_ERROR;
				GCC_WARN_UNDECLARED_SELECTOR = YES;
				GCC_WARN_UNINITIALIZED_AUTOS = YES_AGGRESSIVE;
				GCC_WARN_UNUSED_FUNCTION = YES;
				GCC_WARN_UNUSED_VARIABLE = YES;
				IPHONEOS_DEPLOYMENT_TARGET = 10.2;
				MTL_ENABLE_DEBUG_INFO = NO;
				MTL_FAST_MATH = YES;
				SDKROOT = iphoneos;
				SWIFT_COMPILATION_MODE = wholemodule;
				SWIFT_OPTIMIZATION_LEVEL = "-O";
				VALIDATE_PRODUCT = YES;
			};
			name = Release;
		};
		C956DFD6215A9255005F1822 /* Debug */ = {
			isa = XCBuildConfiguration;
			baseConfigurationReference = 782D140A5F64AE510E8122BA /* Pods-CodeWalletWidgetApp.debug.xcconfig */;
			buildSettings = {
				ALWAYS_EMBED_SWIFT_STANDARD_LIBRARIES = YES;
				ASSETCATALOG_COMPILER_APPICON_NAME = AppIcon;
				CODE_SIGN_ENTITLEMENTS = CodeWalletWidgetApp/CodeWalletWidgetApp.entitlements;
				CODE_SIGN_STYLE = Automatic;
				DEVELOPMENT_TEAM = 9WWSXM777M;
				INFOPLIST_FILE = CodeWalletWidgetApp/Info.plist;
				IPHONEOS_DEPLOYMENT_TARGET = 10.2;
				LD_RUNPATH_SEARCH_PATHS = (
					"$(inherited)",
					"@executable_path/Frameworks",
				);
				PRODUCT_BUNDLE_IDENTIFIER = com.alexanderschulz.CodeWalletWidget;
				PRODUCT_NAME = "$(TARGET_NAME)";
				SWIFT_VERSION = 4.2;
				TARGETED_DEVICE_FAMILY = 1;
			};
			name = Debug;
		};
		C956DFD7215A9255005F1822 /* Release */ = {
			isa = XCBuildConfiguration;
			baseConfigurationReference = 6F4C3165CBBC20B50E1A550A /* Pods-CodeWalletWidgetApp.release.xcconfig */;
			buildSettings = {
				ALWAYS_EMBED_SWIFT_STANDARD_LIBRARIES = YES;
				ASSETCATALOG_COMPILER_APPICON_NAME = AppIcon;
				CODE_SIGN_ENTITLEMENTS = CodeWalletWidgetApp/CodeWalletWidgetApp.entitlements;
				CODE_SIGN_STYLE = Automatic;
				DEVELOPMENT_TEAM = 9WWSXM777M;
				INFOPLIST_FILE = CodeWalletWidgetApp/Info.plist;
				IPHONEOS_DEPLOYMENT_TARGET = 10.2;
				LD_RUNPATH_SEARCH_PATHS = (
					"$(inherited)",
					"@executable_path/Frameworks",
				);
				PRODUCT_BUNDLE_IDENTIFIER = com.alexanderschulz.CodeWalletWidget;
				PRODUCT_NAME = "$(TARGET_NAME)";
				SWIFT_VERSION = 4.2;
				TARGETED_DEVICE_FAMILY = 1;
			};
			name = Release;
		};
		C956DFD9215A9255005F1822 /* Debug */ = {
			isa = XCBuildConfiguration;
			baseConfigurationReference = B798623A1DA2C7CF9AF94D0A /* Pods-CodeWalletWidgetTests.debug.xcconfig */;
			buildSettings = {
				ALWAYS_EMBED_SWIFT_STANDARD_LIBRARIES = YES;
				BUNDLE_LOADER = "$(TEST_HOST)";
				CODE_SIGN_STYLE = Automatic;
				DEVELOPMENT_TEAM = FGBNPQTMV3;
				INFOPLIST_FILE = CodeWalletWidgetTests/Info.plist;
				LD_RUNPATH_SEARCH_PATHS = (
					"$(inherited)",
					"@executable_path/Frameworks",
					"@loader_path/Frameworks",
				);
				PRODUCT_BUNDLE_IDENTIFIER = com.alexanderschulz.CodeWalletWidgetTests;
				PRODUCT_NAME = "$(TARGET_NAME)";
				SWIFT_VERSION = 4.2;
				TARGETED_DEVICE_FAMILY = "1,2";
				TEST_HOST = "$(BUILT_PRODUCTS_DIR)/CodeWalletWidget.app/CodeWalletWidget";
			};
			name = Debug;
		};
		C956DFDA215A9255005F1822 /* Release */ = {
			isa = XCBuildConfiguration;
			baseConfigurationReference = 7ED4F22D2C2E9F3BD512C827 /* Pods-CodeWalletWidgetTests.release.xcconfig */;
			buildSettings = {
				ALWAYS_EMBED_SWIFT_STANDARD_LIBRARIES = YES;
				BUNDLE_LOADER = "$(TEST_HOST)";
				CODE_SIGN_STYLE = Automatic;
				DEVELOPMENT_TEAM = FGBNPQTMV3;
				INFOPLIST_FILE = CodeWalletWidgetTests/Info.plist;
				LD_RUNPATH_SEARCH_PATHS = (
					"$(inherited)",
					"@executable_path/Frameworks",
					"@loader_path/Frameworks",
				);
				PRODUCT_BUNDLE_IDENTIFIER = com.alexanderschulz.CodeWalletWidgetTests;
				PRODUCT_NAME = "$(TARGET_NAME)";
				SWIFT_VERSION = 4.2;
				TARGETED_DEVICE_FAMILY = "1,2";
				TEST_HOST = "$(BUILT_PRODUCTS_DIR)/CodeWalletWidget.app/CodeWalletWidget";
			};
			name = Release;
		};
		C956DFDC215A9255005F1822 /* Debug */ = {
			isa = XCBuildConfiguration;
			baseConfigurationReference = 76634C023E79DFD1D6097D46 /* Pods-CodeWalletWidgetUITests.debug.xcconfig */;
			buildSettings = {
				ALWAYS_EMBED_SWIFT_STANDARD_LIBRARIES = YES;
				CODE_SIGN_STYLE = Automatic;
				DEVELOPMENT_TEAM = FGBNPQTMV3;
				INFOPLIST_FILE = CodeWalletWidgetUITests/Info.plist;
				LD_RUNPATH_SEARCH_PATHS = (
					"$(inherited)",
					"@executable_path/Frameworks",
					"@loader_path/Frameworks",
				);
				PRODUCT_BUNDLE_IDENTIFIER = com.alexanderschulz.CodeWalletWidgetUITests;
				PRODUCT_NAME = "$(TARGET_NAME)";
				SWIFT_VERSION = 4.2;
				TARGETED_DEVICE_FAMILY = "1,2";
				TEST_TARGET_NAME = CodeWalletWidget;
			};
			name = Debug;
		};
		C956DFDD215A9255005F1822 /* Release */ = {
			isa = XCBuildConfiguration;
			baseConfigurationReference = C7C9BC24AEDE8C023FCAAA78 /* Pods-CodeWalletWidgetUITests.release.xcconfig */;
			buildSettings = {
				ALWAYS_EMBED_SWIFT_STANDARD_LIBRARIES = YES;
				CODE_SIGN_STYLE = Automatic;
				DEVELOPMENT_TEAM = FGBNPQTMV3;
				INFOPLIST_FILE = CodeWalletWidgetUITests/Info.plist;
				LD_RUNPATH_SEARCH_PATHS = (
					"$(inherited)",
					"@executable_path/Frameworks",
					"@loader_path/Frameworks",
				);
				PRODUCT_BUNDLE_IDENTIFIER = com.alexanderschulz.CodeWalletWidgetUITests;
				PRODUCT_NAME = "$(TARGET_NAME)";
				SWIFT_VERSION = 4.2;
				TARGETED_DEVICE_FAMILY = "1,2";
				TEST_TARGET_NAME = CodeWalletWidget;
			};
			name = Release;
		};
		C96B7C572166464500F9B67F /* Debug */ = {
			isa = XCBuildConfiguration;
			baseConfigurationReference = E929EB193969A628D54F9910 /* Pods-CodeWalletWidget.debug.xcconfig */;
			buildSettings = {
				CODE_SIGN_ENTITLEMENTS = CodeWalletWidget/CodeWalletWidget.entitlements;
				CODE_SIGN_STYLE = Automatic;
				DEVELOPMENT_TEAM = 9WWSXM777M;
				INFOPLIST_FILE = CodeWalletWidget/Info.plist;
				IPHONEOS_DEPLOYMENT_TARGET = 10.2;
				LD_RUNPATH_SEARCH_PATHS = (
					"$(inherited)",
					"@executable_path/Frameworks",
					"@executable_path/../../Frameworks",
				);
				PRODUCT_BUNDLE_IDENTIFIER = com.alexanderschulz.CodeWalletWidget.TodayExtension;
				PRODUCT_NAME = "$(TARGET_NAME)";
				SKIP_INSTALL = YES;
				SWIFT_VERSION = 4.2;
				TARGETED_DEVICE_FAMILY = 1;
			};
			name = Debug;
		};
		C96B7C582166464500F9B67F /* Release */ = {
			isa = XCBuildConfiguration;
			baseConfigurationReference = AE4FA7FDBFF263EC2DF30B9D /* Pods-CodeWalletWidget.release.xcconfig */;
			buildSettings = {
				CODE_SIGN_ENTITLEMENTS = CodeWalletWidget/CodeWalletWidget.entitlements;
				CODE_SIGN_STYLE = Automatic;
				DEVELOPMENT_TEAM = 9WWSXM777M;
				INFOPLIST_FILE = CodeWalletWidget/Info.plist;
				IPHONEOS_DEPLOYMENT_TARGET = 10.2;
				LD_RUNPATH_SEARCH_PATHS = (
					"$(inherited)",
					"@executable_path/Frameworks",
					"@executable_path/../../Frameworks",
				);
				PRODUCT_BUNDLE_IDENTIFIER = com.alexanderschulz.CodeWalletWidget.TodayExtension;
				PRODUCT_NAME = "$(TARGET_NAME)";
				SKIP_INSTALL = YES;
				SWIFT_VERSION = 4.2;
				TARGETED_DEVICE_FAMILY = 1;
			};
			name = Release;
		};
		C986A42D22747E53005ACAB0 /* Debug */ = {
			isa = XCBuildConfiguration;
			buildSettings = {
				ALWAYS_EMBED_SWIFT_STANDARD_LIBRARIES = YES;
				ASSETCATALOG_COMPILER_APPICON_NAME = AppIcon;
				CODE_SIGN_STYLE = Automatic;
				DEVELOPMENT_TEAM = 9WWSXM777M;
				IBSC_MODULE = CodeWalletWidgetWatch_Extension;
				INFOPLIST_FILE = CodeWalletWidgetWatch/Info.plist;
				PRODUCT_BUNDLE_IDENTIFIER = com.alexanderschulz.CodeWalletWidget.watchkitapp;
				PRODUCT_NAME = "$(TARGET_NAME)";
				SDKROOT = watchos;
				SKIP_INSTALL = YES;
				SWIFT_VERSION = 4.2;
				TARGETED_DEVICE_FAMILY = 4;
				WATCHOS_DEPLOYMENT_TARGET = 5.1;
			};
			name = Debug;
		};
		C986A42E22747E53005ACAB0 /* Release */ = {
			isa = XCBuildConfiguration;
			buildSettings = {
				ALWAYS_EMBED_SWIFT_STANDARD_LIBRARIES = YES;
				ASSETCATALOG_COMPILER_APPICON_NAME = AppIcon;
				CODE_SIGN_STYLE = Automatic;
				DEVELOPMENT_TEAM = 9WWSXM777M;
				IBSC_MODULE = CodeWalletWidgetWatch_Extension;
				INFOPLIST_FILE = CodeWalletWidgetWatch/Info.plist;
				PRODUCT_BUNDLE_IDENTIFIER = com.alexanderschulz.CodeWalletWidget.watchkitapp;
				PRODUCT_NAME = "$(TARGET_NAME)";
				SDKROOT = watchos;
				SKIP_INSTALL = YES;
				SWIFT_VERSION = 4.2;
				TARGETED_DEVICE_FAMILY = 4;
				WATCHOS_DEPLOYMENT_TARGET = 5.1;
			};
			name = Release;
		};
		C986A42F22747E53005ACAB0 /* Debug */ = {
			isa = XCBuildConfiguration;
			buildSettings = {
				ASSETCATALOG_COMPILER_COMPLICATION_NAME = Complication;
				CODE_SIGN_STYLE = Automatic;
				DEVELOPMENT_TEAM = 9WWSXM777M;
				INFOPLIST_FILE = "CodeWalletWidgetWatch Extension/Info.plist";
				LD_RUNPATH_SEARCH_PATHS = (
					"$(inherited)",
					"@executable_path/Frameworks",
					"@executable_path/../../Frameworks",
				);
				PRODUCT_BUNDLE_IDENTIFIER = com.alexanderschulz.CodeWalletWidget.watchkitapp.watchkitextension;
				PRODUCT_NAME = "${TARGET_NAME}";
				SDKROOT = watchos;
				SKIP_INSTALL = YES;
				SWIFT_VERSION = 4.2;
				TARGETED_DEVICE_FAMILY = 4;
				WATCHOS_DEPLOYMENT_TARGET = 5.1;
			};
			name = Debug;
		};
		C986A43022747E53005ACAB0 /* Release */ = {
			isa = XCBuildConfiguration;
			buildSettings = {
				ASSETCATALOG_COMPILER_COMPLICATION_NAME = Complication;
				CODE_SIGN_STYLE = Automatic;
				DEVELOPMENT_TEAM = 9WWSXM777M;
				INFOPLIST_FILE = "CodeWalletWidgetWatch Extension/Info.plist";
				LD_RUNPATH_SEARCH_PATHS = (
					"$(inherited)",
					"@executable_path/Frameworks",
					"@executable_path/../../Frameworks",
				);
				PRODUCT_BUNDLE_IDENTIFIER = com.alexanderschulz.CodeWalletWidget.watchkitapp.watchkitextension;
				PRODUCT_NAME = "${TARGET_NAME}";
				SDKROOT = watchos;
				SKIP_INSTALL = YES;
				SWIFT_VERSION = 4.2;
				TARGETED_DEVICE_FAMILY = 4;
				WATCHOS_DEPLOYMENT_TARGET = 5.1;
			};
			name = Release;
		};
		C9F014F52180F04200EF2F5C /* Debug */ = {
			isa = XCBuildConfiguration;
			buildSettings = {
				CODE_SIGN_STYLE = Automatic;
				DEVELOPMENT_TEAM = FGBNPQTMV3;
				INFOPLIST_FILE = FastlaneScreenshots/Info.plist;
				IPHONEOS_DEPLOYMENT_TARGET = 12.0;
				LD_RUNPATH_SEARCH_PATHS = (
					"$(inherited)",
					"@executable_path/Frameworks",
					"@loader_path/Frameworks",
				);
				OTHER_SWIFT_FLAGS = "";
				"OTHER_SWIFT_FLAGS[arch=*]" = "-D SCREENSHOTS";
				PRODUCT_BUNDLE_IDENTIFIER = com.alexanderschulz.FastlaneScreenshots;
				PRODUCT_NAME = "$(TARGET_NAME)";
				SWIFT_VERSION = 4.2;
				TARGETED_DEVICE_FAMILY = "1,2";
				TEST_TARGET_NAME = CodeWalletWidgetApp;
			};
			name = Debug;
		};
		C9F014F62180F04200EF2F5C /* Release */ = {
			isa = XCBuildConfiguration;
			buildSettings = {
				CODE_SIGN_STYLE = Automatic;
				DEVELOPMENT_TEAM = FGBNPQTMV3;
				INFOPLIST_FILE = FastlaneScreenshots/Info.plist;
				IPHONEOS_DEPLOYMENT_TARGET = 12.0;
				LD_RUNPATH_SEARCH_PATHS = (
					"$(inherited)",
					"@executable_path/Frameworks",
					"@loader_path/Frameworks",
				);
				OTHER_SWIFT_FLAGS = "";
				PRODUCT_BUNDLE_IDENTIFIER = com.alexanderschulz.FastlaneScreenshots;
				PRODUCT_NAME = "$(TARGET_NAME)";
				SWIFT_VERSION = 4.2;
				TARGETED_DEVICE_FAMILY = "1,2";
				TEST_TARGET_NAME = CodeWalletWidgetApp;
			};
			name = Release;
		};
/* End XCBuildConfiguration section */

/* Begin XCConfigurationList section */
		C956DFA8215A9253005F1822 /* Build configuration list for PBXProject "CodeWalletWidget" */ = {
			isa = XCConfigurationList;
			buildConfigurations = (
				C956DFD3215A9255005F1822 /* Debug */,
				C956DFD4215A9255005F1822 /* Release */,
			);
			defaultConfigurationIsVisible = 0;
			defaultConfigurationName = Release;
		};
		C956DFD5215A9255005F1822 /* Build configuration list for PBXNativeTarget "CodeWalletWidgetApp" */ = {
			isa = XCConfigurationList;
			buildConfigurations = (
				C956DFD6215A9255005F1822 /* Debug */,
				C956DFD7215A9255005F1822 /* Release */,
			);
			defaultConfigurationIsVisible = 0;
			defaultConfigurationName = Release;
		};
		C956DFD8215A9255005F1822 /* Build configuration list for PBXNativeTarget "CodeWalletWidgetTests" */ = {
			isa = XCConfigurationList;
			buildConfigurations = (
				C956DFD9215A9255005F1822 /* Debug */,
				C956DFDA215A9255005F1822 /* Release */,
			);
			defaultConfigurationIsVisible = 0;
			defaultConfigurationName = Release;
		};
		C956DFDB215A9255005F1822 /* Build configuration list for PBXNativeTarget "CodeWalletWidgetUITests" */ = {
			isa = XCConfigurationList;
			buildConfigurations = (
				C956DFDC215A9255005F1822 /* Debug */,
				C956DFDD215A9255005F1822 /* Release */,
			);
			defaultConfigurationIsVisible = 0;
			defaultConfigurationName = Release;
		};
		C96B7C562166464500F9B67F /* Build configuration list for PBXNativeTarget "CodeWalletWidget" */ = {
			isa = XCConfigurationList;
			buildConfigurations = (
				C96B7C572166464500F9B67F /* Debug */,
				C96B7C582166464500F9B67F /* Release */,
			);
			defaultConfigurationIsVisible = 0;
			defaultConfigurationName = Release;
		};
		C986A43122747E53005ACAB0 /* Build configuration list for PBXNativeTarget "CodeWalletWidgetWatch Extension" */ = {
			isa = XCConfigurationList;
			buildConfigurations = (
				C986A42F22747E53005ACAB0 /* Debug */,
				C986A43022747E53005ACAB0 /* Release */,
			);
			defaultConfigurationIsVisible = 0;
			defaultConfigurationName = Release;
		};
		C986A43322747E53005ACAB0 /* Build configuration list for PBXNativeTarget "CodeWalletWidgetWatch" */ = {
			isa = XCConfigurationList;
			buildConfigurations = (
				C986A42D22747E53005ACAB0 /* Debug */,
				C986A42E22747E53005ACAB0 /* Release */,
			);
			defaultConfigurationIsVisible = 0;
			defaultConfigurationName = Release;
		};
		C9F014F72180F04200EF2F5C /* Build configuration list for PBXNativeTarget "FastlaneScreenshots" */ = {
			isa = XCConfigurationList;
			buildConfigurations = (
				C9F014F52180F04200EF2F5C /* Debug */,
				C9F014F62180F04200EF2F5C /* Release */,
			);
			defaultConfigurationIsVisible = 0;
			defaultConfigurationName = Release;
		};
/* End XCConfigurationList section */
	};
	rootObject = C956DFA5215A9253005F1822 /* Project object */;
}
